// !$*UTF8*$!
{
	archiveVersion = 1;
	classes = {
	};
	objectVersion = 46;
	objects = {

/* Begin PBXBuildFile section */
		2D01C672130E09A7000FDE79 /* HomeViewController.m in Sources */ = {isa = PBXBuildFile; fileRef = 2D01C670130E09A7000FDE79 /* HomeViewController.m */; };
		2D01C673130E09A7000FDE79 /* HomeViewController.xib in Resources */ = {isa = PBXBuildFile; fileRef = 2D01C671130E09A7000FDE79 /* HomeViewController.xib */; };
		2D0F8F4712EBB19700C9B88B /* MediaController.m in Sources */ = {isa = PBXBuildFile; fileRef = 2D0F8F4512EBB19700C9B88B /* MediaController.m */; };
		2D0F8F4812EBB19700C9B88B /* MediaController.xib in Resources */ = {isa = PBXBuildFile; fileRef = 2D0F8F4612EBB19700C9B88B /* MediaController.xib */; };
		2D1B487B12FDFDFB00D11A42 /* TwitterTableViewCellNib.xib in Resources */ = {isa = PBXBuildFile; fileRef = 2D1B487A12FDFDFA00D11A42 /* TwitterTableViewCellNib.xib */; };
		2D22F02A12FDCE8400FD3EAB /* NavFor.png in Resources */ = {isa = PBXBuildFile; fileRef = 2D22F02912FDCE8400FD3EAB /* NavFor.png */; };
		2D2E62EB1319CFBA00A92AD0 /* chadL.png in Resources */ = {isa = PBXBuildFile; fileRef = 2D2E62E11319CFBA00A92AD0 /* chadL.png */; };
		2D2E62EC1319CFBA00A92AD0 /* danielL.png in Resources */ = {isa = PBXBuildFile; fileRef = 2D2E62E21319CFBA00A92AD0 /* danielL.png */; };
		2D2E62ED1319CFBA00A92AD0 /* garyL.png in Resources */ = {isa = PBXBuildFile; fileRef = 2D2E62E31319CFBA00A92AD0 /* garyL.png */; };
		2D2E62EE1319CFBA00A92AD0 /* glenL.png in Resources */ = {isa = PBXBuildFile; fileRef = 2D2E62E41319CFBA00A92AD0 /* glenL.png */; };
		2D2E62EF1319CFBA00A92AD0 /* johnL.png in Resources */ = {isa = PBXBuildFile; fileRef = 2D2E62E51319CFBA00A92AD0 /* johnL.png */; };
		2D2E62F01319CFBA00A92AD0 /* mikeL.png in Resources */ = {isa = PBXBuildFile; fileRef = 2D2E62E61319CFBA00A92AD0 /* mikeL.png */; };
		2D2E62F11319CFBA00A92AD0 /* philL.png in Resources */ = {isa = PBXBuildFile; fileRef = 2D2E62E71319CFBA00A92AD0 /* philL.png */; };
		2D2E62F21319CFBA00A92AD0 /* sherylL.png in Resources */ = {isa = PBXBuildFile; fileRef = 2D2E62E81319CFBA00A92AD0 /* sherylL.png */; };
		2D2E62F31319CFBA00A92AD0 /* steveL.png in Resources */ = {isa = PBXBuildFile; fileRef = 2D2E62E91319CFBA00A92AD0 /* steveL.png */; };
		2D2E62F41319CFBA00A92AD0 /* tomL.png in Resources */ = {isa = PBXBuildFile; fileRef = 2D2E62EA1319CFBA00A92AD0 /* tomL.png */; };
		2D2E62FF1319CFC800A92AD0 /* chad.png in Resources */ = {isa = PBXBuildFile; fileRef = 2D2E62F51319CFC800A92AD0 /* chad.png */; };
		2D2E63001319CFC800A92AD0 /* daniel.png in Resources */ = {isa = PBXBuildFile; fileRef = 2D2E62F61319CFC800A92AD0 /* daniel.png */; };
		2D2E63011319CFC800A92AD0 /* gary.png in Resources */ = {isa = PBXBuildFile; fileRef = 2D2E62F71319CFC800A92AD0 /* gary.png */; };
		2D2E63021319CFC800A92AD0 /* glen.png in Resources */ = {isa = PBXBuildFile; fileRef = 2D2E62F81319CFC800A92AD0 /* glen.png */; };
		2D2E63031319CFC800A92AD0 /* john.png in Resources */ = {isa = PBXBuildFile; fileRef = 2D2E62F91319CFC800A92AD0 /* john.png */; };
		2D2E63041319CFC800A92AD0 /* mike.png in Resources */ = {isa = PBXBuildFile; fileRef = 2D2E62FA1319CFC800A92AD0 /* mike.png */; };
		2D2E63051319CFC800A92AD0 /* phil.png in Resources */ = {isa = PBXBuildFile; fileRef = 2D2E62FB1319CFC800A92AD0 /* phil.png */; };
		2D2E63061319CFC800A92AD0 /* sheryl.png in Resources */ = {isa = PBXBuildFile; fileRef = 2D2E62FC1319CFC800A92AD0 /* sheryl.png */; };
		2D2E63071319CFC800A92AD0 /* steve.png in Resources */ = {isa = PBXBuildFile; fileRef = 2D2E62FD1319CFC800A92AD0 /* steve.png */; };
		2D2E63081319CFC800A92AD0 /* tom.png in Resources */ = {isa = PBXBuildFile; fileRef = 2D2E62FE1319CFC800A92AD0 /* tom.png */; };
		2D2E630A1319D19F00A92AD0 /* ronL.png in Resources */ = {isa = PBXBuildFile; fileRef = 2D2E63091319D19F00A92AD0 /* ronL.png */; };
		2D4062C61309C08F00A307E4 /* StaffDetailsViewController.m in Sources */ = {isa = PBXBuildFile; fileRef = 2D4062C41309C08F00A307E4 /* StaffDetailsViewController.m */; };
		2D4062C71309C08F00A307E4 /* StaffDetailsViewController.xib in Resources */ = {isa = PBXBuildFile; fileRef = 2D4062C51309C08F00A307E4 /* StaffDetailsViewController.xib */; };
		2D4638B0130F565300506F5A /* LoadingTableCellView.xib in Resources */ = {isa = PBXBuildFile; fileRef = 2D4638AF130F565300506F5A /* LoadingTableCellView.xib */; };
		2D49AEC21308C53E00862F5E /* MainWindow-iPad.xib in Resources */ = {isa = PBXBuildFile; fileRef = 2D49AEC11308C53E00862F5E /* MainWindow-iPad.xib */; };
		2D6DA3881303828100900D67 /* StaffTableViewCellNib.xib in Resources */ = {isa = PBXBuildFile; fileRef = 2D6DA3871303828100900D67 /* StaffTableViewCellNib.xib */; };
		2D6DA38C13038E5600900D67 /* AVFoundation.framework in Frameworks */ = {isa = PBXBuildFile; fileRef = 2D6DA38B13038E5400900D67 /* AVFoundation.framework */; };
		2D6F266012FD0459008C2FDB /* pic1.jpg in Resources */ = {isa = PBXBuildFile; fileRef = 2D6F265C12FD0459008C2FDB /* pic1.jpg */; };
		2D6F266112FD0459008C2FDB /* pic2.jpg in Resources */ = {isa = PBXBuildFile; fileRef = 2D6F265D12FD0459008C2FDB /* pic2.jpg */; };
		2D6F266212FD0459008C2FDB /* pic3.jpg in Resources */ = {isa = PBXBuildFile; fileRef = 2D6F265E12FD0459008C2FDB /* pic3.jpg */; };
		2D6F266312FD0459008C2FDB /* pic4.jpg in Resources */ = {isa = PBXBuildFile; fileRef = 2D6F265F12FD0459008C2FDB /* pic4.jpg */; };
		2D7A6BDE12FDC8700002D7EA /* GenericWebNavViewController.m in Sources */ = {isa = PBXBuildFile; fileRef = 2D7A6BDC12FDC8700002D7EA /* GenericWebNavViewController.m */; };
		2D7A6BDF12FDC8700002D7EA /* GenericWebNavViewController.xib in Resources */ = {isa = PBXBuildFile; fileRef = 2D7A6BDD12FDC8700002D7EA /* GenericWebNavViewController.xib */; };
		2D7ADD5812FA12D000B28EF1 /* TwitterViewController.m in Sources */ = {isa = PBXBuildFile; fileRef = 2D7ADD5612FA12D000B28EF1 /* TwitterViewController.m */; };
		2D7ADD5912FA12D000B28EF1 /* TwitterViewController.xib in Resources */ = {isa = PBXBuildFile; fileRef = 2D7ADD5712FA12D000B28EF1 /* TwitterViewController.xib */; };
		2D7ADD5C12FA248C00B28EF1 /* TwitterParser.m in Sources */ = {isa = PBXBuildFile; fileRef = 2D7ADD5B12FA248C00B28EF1 /* TwitterParser.m */; };
		2D7ADD5F12FA24A100B28EF1 /* Tweet.m in Sources */ = {isa = PBXBuildFile; fileRef = 2D7ADD5E12FA24A100B28EF1 /* Tweet.m */; };
		2D7DBC1F12FDCECA00287814 /* NavBack.png in Resources */ = {isa = PBXBuildFile; fileRef = 2D7DBC1E12FDCECA00287814 /* NavBack.png */; };
		2D84555812EA835E00F19F55 /* UIKit.framework in Frameworks */ = {isa = PBXBuildFile; fileRef = 2D84555712EA835E00F19F55 /* UIKit.framework */; };
		2D84555A12EA835E00F19F55 /* Foundation.framework in Frameworks */ = {isa = PBXBuildFile; fileRef = 2D84555912EA835E00F19F55 /* Foundation.framework */; };
		2D84555C12EA835E00F19F55 /* CoreGraphics.framework in Frameworks */ = {isa = PBXBuildFile; fileRef = 2D84555B12EA835E00F19F55 /* CoreGraphics.framework */; };
		2D84556212EA835E00F19F55 /* InfoPlist.strings in Resources */ = {isa = PBXBuildFile; fileRef = 2D84556012EA835E00F19F55 /* InfoPlist.strings */; };
		2D84556512EA835E00F19F55 /* main.m in Sources */ = {isa = PBXBuildFile; fileRef = 2D84556412EA835E00F19F55 /* main.m */; };
		2D84556812EA835E00F19F55 /* WestsideAppDelegate.m in Sources */ = {isa = PBXBuildFile; fileRef = 2D84556712EA835E00F19F55 /* WestsideAppDelegate.m */; };
		2D84556B12EA835E00F19F55 /* MainWindow.xib in Resources */ = {isa = PBXBuildFile; fileRef = 2D84556912EA835E00F19F55 /* MainWindow.xib */; };
		2D84556E12EA835E00F19F55 /* MoreViewController.m in Sources */ = {isa = PBXBuildFile; fileRef = 2D84556D12EA835E00F19F55 /* MoreViewController.m */; };
		2D84557112EA835E00F19F55 /* MoreViewController.xib in Resources */ = {isa = PBXBuildFile; fileRef = 2D84556F12EA835E00F19F55 /* MoreViewController.xib */; };
		2D84557812EA835E00F19F55 /* UIKit.framework in Frameworks */ = {isa = PBXBuildFile; fileRef = 2D84555712EA835E00F19F55 /* UIKit.framework */; };
		2D84557912EA835E00F19F55 /* Foundation.framework in Frameworks */ = {isa = PBXBuildFile; fileRef = 2D84555912EA835E00F19F55 /* Foundation.framework */; };
		2D84557A12EA835E00F19F55 /* CoreGraphics.framework in Frameworks */ = {isa = PBXBuildFile; fileRef = 2D84555B12EA835E00F19F55 /* CoreGraphics.framework */; };
		2D84558012EA835E00F19F55 /* InfoPlist.strings in Resources */ = {isa = PBXBuildFile; fileRef = 2D84557E12EA835E00F19F55 /* InfoPlist.strings */; };
		2D84558312EA835E00F19F55 /* WestsideTests.h in Resources */ = {isa = PBXBuildFile; fileRef = 2D84558212EA835E00F19F55 /* WestsideTests.h */; };
		2D84558512EA835E00F19F55 /* WestsideTests.m in Sources */ = {isa = PBXBuildFile; fileRef = 2D84558412EA835E00F19F55 /* WestsideTests.m */; };
		2D8923B8130460F200679C01 /* MediaPlayer.framework in Frameworks */ = {isa = PBXBuildFile; fileRef = 2D8923B7130460F200679C01 /* MediaPlayer.framework */; };
		2D8DA26C12EB628100EE323D /* FeedParser.m in Sources */ = {isa = PBXBuildFile; fileRef = 2D8DA26B12EB628100EE323D /* FeedParser.m */; };
		2D8DA27012EB695A00EE323D /* Feed.m in Sources */ = {isa = PBXBuildFile; fileRef = 2D8DA26F12EB695A00EE323D /* Feed.m */; };
		2DC1BE53131DEB4F001DB04B /* ConBack.png in Resources */ = {isa = PBXBuildFile; fileRef = 2DC1BE4D131DEB4F001DB04B /* ConBack.png */; };
		2DC1BE54131DEB4F001DB04B /* ConBack@2x.png in Resources */ = {isa = PBXBuildFile; fileRef = 2DC1BE4E131DEB4F001DB04B /* ConBack@2x.png */; };
		2DC1BE55131DEB4F001DB04B /* MinBack.png in Resources */ = {isa = PBXBuildFile; fileRef = 2DC1BE4F131DEB4F001DB04B /* MinBack.png */; };
		2DC1BE56131DEB4F001DB04B /* MinBack@2x.png in Resources */ = {isa = PBXBuildFile; fileRef = 2DC1BE50131DEB4F001DB04B /* MinBack@2x.png */; };
		2DC1BE57131DEB4F001DB04B /* MoreBack.png in Resources */ = {isa = PBXBuildFile; fileRef = 2DC1BE51131DEB4F001DB04B /* MoreBack.png */; };
		2DC1BE58131DEB4F001DB04B /* MoreBack@2x.png in Resources */ = {isa = PBXBuildFile; fileRef = 2DC1BE52131DEB4F001DB04B /* MoreBack@2x.png */; };
		2DC1BE5B131DEB55001DB04B /* Default.png in Resources */ = {isa = PBXBuildFile; fileRef = 2DC1BE59131DEB55001DB04B /* Default.png */; };
		2DC1BE5C131DEB55001DB04B /* Default@2x.png in Resources */ = {isa = PBXBuildFile; fileRef = 2DC1BE5A131DEB55001DB04B /* Default@2x.png */; };
		2DC1BE5F131DEC31001DB04B /* PlainBack.png in Resources */ = {isa = PBXBuildFile; fileRef = 2DC1BE5D131DEC31001DB04B /* PlainBack.png */; };
		2DC1BE60131DEC31001DB04B /* PlainBack@2x.png in Resources */ = {isa = PBXBuildFile; fileRef = 2DC1BE5E131DEC31001DB04B /* PlainBack@2x.png */; };
		2DC1BE6A131DEE70001DB04B /* connect.png in Resources */ = {isa = PBXBuildFile; fileRef = 2DC1BE62131DEE70001DB04B /* connect.png */; };
		2DC1BE6B131DEE70001DB04B /* connect@2x.png in Resources */ = {isa = PBXBuildFile; fileRef = 2DC1BE63131DEE70001DB04B /* connect@2x.png */; };
		2DC1BE6C131DEE70001DB04B /* home.png in Resources */ = {isa = PBXBuildFile; fileRef = 2DC1BE64131DEE70001DB04B /* home.png */; };
		2DC1BE6D131DEE70001DB04B /* home@2x.png in Resources */ = {isa = PBXBuildFile; fileRef = 2DC1BE65131DEE70001DB04B /* home@2x.png */; };
		2DC1BE6E131DEE70001DB04B /* media.png in Resources */ = {isa = PBXBuildFile; fileRef = 2DC1BE66131DEE70001DB04B /* media.png */; };
		2DC1BE6F131DEE70001DB04B /* media@2x.png in Resources */ = {isa = PBXBuildFile; fileRef = 2DC1BE67131DEE70001DB04B /* media@2x.png */; };
		2DC1BE70131DEE70001DB04B /* ministry.png in Resources */ = {isa = PBXBuildFile; fileRef = 2DC1BE68131DEE70001DB04B /* ministry.png */; };
		2DC1BE71131DEE70001DB04B /* ministry@2x.png in Resources */ = {isa = PBXBuildFile; fileRef = 2DC1BE69131DEE70001DB04B /* ministry@2x.png */; };
		2DD7A23012FF6E7400C5100B /* QuartzCore.framework in Frameworks */ = {isa = PBXBuildFile; fileRef = 2DD7A22F12FF6E7400C5100B /* QuartzCore.framework */; };
		2DE8CBF31304528A00CBFA4F /* icon_blue72.png in Resources */ = {isa = PBXBuildFile; fileRef = 2DE8CBF01304528A00CBFA4F /* icon_blue72.png */; };
		2DE8CBF41304528A00CBFA4F /* icon_blue114.png in Resources */ = {isa = PBXBuildFile; fileRef = 2DE8CBF11304528A00CBFA4F /* icon_blue114.png */; };
		2DE8CBF51304528A00CBFA4F /* icon_blue57.png in Resources */ = {isa = PBXBuildFile; fileRef = 2DE8CBF21304528A00CBFA4F /* icon_blue57.png */; };
		2DEFCA1013059029008763AC /* Reachability.m in Sources */ = {isa = PBXBuildFile; fileRef = 2DEFCA0F13059029008763AC /* Reachability.m */; };
		2DEFCA1213059166008763AC /* CFNetwork.framework in Frameworks */ = {isa = PBXBuildFile; fileRef = 2DEFCA1113059166008763AC /* CFNetwork.framework */; };
		2DEFCA1413059174008763AC /* MobileCoreServices.framework in Frameworks */ = {isa = PBXBuildFile; fileRef = 2DEFCA1313059174008763AC /* MobileCoreServices.framework */; };
		2DEFCA161305917A008763AC /* SystemConfiguration.framework in Frameworks */ = {isa = PBXBuildFile; fileRef = 2DEFCA151305917A008763AC /* SystemConfiguration.framework */; };
		2DF533BC1319B7F400D508C1 /* BlogPostViewController.m in Sources */ = {isa = PBXBuildFile; fileRef = 2DF533BA1319B7F300D508C1 /* BlogPostViewController.m */; };
		2DF533BD1319B7F400D508C1 /* BlogPostViewController.xib in Resources */ = {isa = PBXBuildFile; fileRef = 2DF533BB1319B7F400D508C1 /* BlogPostViewController.xib */; };
		2DFA2A5A12F76F2C00E3A8F9 /* ConnectViewController.m in Sources */ = {isa = PBXBuildFile; fileRef = 2DFA2A5812F76F2C00E3A8F9 /* ConnectViewController.m */; };
		2DFA2A5B12F76F2C00E3A8F9 /* ConnectViewController.xib in Resources */ = {isa = PBXBuildFile; fileRef = 2DFA2A5912F76F2C00E3A8F9 /* ConnectViewController.xib */; };
		2DFA2A6012F776BA00E3A8F9 /* MinistriesTabViewController.m in Sources */ = {isa = PBXBuildFile; fileRef = 2DFA2A5E12F776BA00E3A8F9 /* MinistriesTabViewController.m */; };
		2DFA2A6112F776BA00E3A8F9 /* MinistriesTabViewController.xib in Resources */ = {isa = PBXBuildFile; fileRef = 2DFA2A5F12F776BA00E3A8F9 /* MinistriesTabViewController.xib */; };
/* End PBXBuildFile section */

/* Begin PBXFileReference section */
		2D01C66F130E09A7000FDE79 /* HomeViewController.h */ = {isa = PBXFileReference; fileEncoding = 4; lastKnownFileType = sourcecode.c.h; name = HomeViewController.h; path = Westside.xcodeproj/HomeViewController.h; sourceTree = "<group>"; };
		2D01C670130E09A7000FDE79 /* HomeViewController.m */ = {isa = PBXFileReference; fileEncoding = 4; lastKnownFileType = sourcecode.c.objc; name = HomeViewController.m; path = Westside.xcodeproj/HomeViewController.m; sourceTree = "<group>"; };
		2D01C671130E09A7000FDE79 /* HomeViewController.xib */ = {isa = PBXFileReference; fileEncoding = 4; lastKnownFileType = file.xib; name = HomeViewController.xib; path = Westside.xcodeproj/HomeViewController.xib; sourceTree = "<group>"; };
		2D0F8F4412EBB19700C9B88B /* MediaController.h */ = {isa = PBXFileReference; fileEncoding = 4; lastKnownFileType = sourcecode.c.h; path = MediaController.h; sourceTree = "<group>"; };
		2D0F8F4512EBB19700C9B88B /* MediaController.m */ = {isa = PBXFileReference; fileEncoding = 4; lastKnownFileType = sourcecode.c.objc; path = MediaController.m; sourceTree = "<group>"; };
		2D0F8F4612EBB19700C9B88B /* MediaController.xib */ = {isa = PBXFileReference; fileEncoding = 4; lastKnownFileType = file.xib; path = MediaController.xib; sourceTree = "<group>"; };
		2D1B487A12FDFDFA00D11A42 /* TwitterTableViewCellNib.xib */ = {isa = PBXFileReference; fileEncoding = 4; lastKnownFileType = file.xib; path = TwitterTableViewCellNib.xib; sourceTree = "<group>"; };
		2D22F02912FDCE8400FD3EAB /* NavFor.png */ = {isa = PBXFileReference; lastKnownFileType = image.png; path = NavFor.png; sourceTree = "<group>"; };
		2D2E62E11319CFBA00A92AD0 /* chadL.png */ = {isa = PBXFileReference; lastKnownFileType = image.png; path = chadL.png; sourceTree = "<group>"; };
		2D2E62E21319CFBA00A92AD0 /* danielL.png */ = {isa = PBXFileReference; lastKnownFileType = image.png; path = danielL.png; sourceTree = "<group>"; };
		2D2E62E31319CFBA00A92AD0 /* garyL.png */ = {isa = PBXFileReference; lastKnownFileType = image.png; path = garyL.png; sourceTree = "<group>"; };
		2D2E62E41319CFBA00A92AD0 /* glenL.png */ = {isa = PBXFileReference; lastKnownFileType = image.png; path = glenL.png; sourceTree = "<group>"; };
		2D2E62E51319CFBA00A92AD0 /* johnL.png */ = {isa = PBXFileReference; lastKnownFileType = image.png; path = johnL.png; sourceTree = "<group>"; };
		2D2E62E61319CFBA00A92AD0 /* mikeL.png */ = {isa = PBXFileReference; lastKnownFileType = image.png; path = mikeL.png; sourceTree = "<group>"; };
		2D2E62E71319CFBA00A92AD0 /* philL.png */ = {isa = PBXFileReference; lastKnownFileType = image.png; path = philL.png; sourceTree = "<group>"; };
		2D2E62E81319CFBA00A92AD0 /* sherylL.png */ = {isa = PBXFileReference; lastKnownFileType = image.png; path = sherylL.png; sourceTree = "<group>"; };
		2D2E62E91319CFBA00A92AD0 /* steveL.png */ = {isa = PBXFileReference; lastKnownFileType = image.png; path = steveL.png; sourceTree = "<group>"; };
		2D2E62EA1319CFBA00A92AD0 /* tomL.png */ = {isa = PBXFileReference; lastKnownFileType = image.png; path = tomL.png; sourceTree = "<group>"; };
		2D2E62F51319CFC800A92AD0 /* chad.png */ = {isa = PBXFileReference; lastKnownFileType = image.png; path = chad.png; sourceTree = "<group>"; };
		2D2E62F61319CFC800A92AD0 /* daniel.png */ = {isa = PBXFileReference; lastKnownFileType = image.png; path = daniel.png; sourceTree = "<group>"; };
		2D2E62F71319CFC800A92AD0 /* gary.png */ = {isa = PBXFileReference; lastKnownFileType = image.png; path = gary.png; sourceTree = "<group>"; };
		2D2E62F81319CFC800A92AD0 /* glen.png */ = {isa = PBXFileReference; lastKnownFileType = image.png; path = glen.png; sourceTree = "<group>"; };
		2D2E62F91319CFC800A92AD0 /* john.png */ = {isa = PBXFileReference; lastKnownFileType = image.png; path = john.png; sourceTree = "<group>"; };
		2D2E62FA1319CFC800A92AD0 /* mike.png */ = {isa = PBXFileReference; lastKnownFileType = image.png; path = mike.png; sourceTree = "<group>"; };
		2D2E62FB1319CFC800A92AD0 /* phil.png */ = {isa = PBXFileReference; lastKnownFileType = image.png; path = phil.png; sourceTree = "<group>"; };
		2D2E62FC1319CFC800A92AD0 /* sheryl.png */ = {isa = PBXFileReference; lastKnownFileType = image.png; path = sheryl.png; sourceTree = "<group>"; };
		2D2E62FD1319CFC800A92AD0 /* steve.png */ = {isa = PBXFileReference; lastKnownFileType = image.png; path = steve.png; sourceTree = "<group>"; };
		2D2E62FE1319CFC800A92AD0 /* tom.png */ = {isa = PBXFileReference; lastKnownFileType = image.png; path = tom.png; sourceTree = "<group>"; };
		2D2E63091319D19F00A92AD0 /* ronL.png */ = {isa = PBXFileReference; lastKnownFileType = image.png; path = ronL.png; sourceTree = "<group>"; };
		2D4062C31309C08F00A307E4 /* StaffDetailsViewController.h */ = {isa = PBXFileReference; fileEncoding = 4; lastKnownFileType = sourcecode.c.h; name = StaffDetailsViewController.h; path = Westside.xcodeproj/StaffDetailsViewController.h; sourceTree = SOURCE_ROOT; };
		2D4062C41309C08F00A307E4 /* StaffDetailsViewController.m */ = {isa = PBXFileReference; fileEncoding = 4; lastKnownFileType = sourcecode.c.objc; name = StaffDetailsViewController.m; path = Westside.xcodeproj/StaffDetailsViewController.m; sourceTree = SOURCE_ROOT; };
		2D4062C51309C08F00A307E4 /* StaffDetailsViewController.xib */ = {isa = PBXFileReference; fileEncoding = 4; lastKnownFileType = file.xib; name = StaffDetailsViewController.xib; path = Westside.xcodeproj/StaffDetailsViewController.xib; sourceTree = SOURCE_ROOT; };
		2D4638AF130F565300506F5A /* LoadingTableCellView.xib */ = {isa = PBXFileReference; fileEncoding = 4; lastKnownFileType = file.xib; path = LoadingTableCellView.xib; sourceTree = "<group>"; };
		2D49AE9D1308C28400862F5E /* iPad-Info.plist */ = {isa = PBXFileReference; lastKnownFileType = text.plist.xml; path = "iPad-Info.plist"; sourceTree = "<group>"; };
		2D49AE9F1308C28400862F5E /* en */ = {isa = PBXFileReference; lastKnownFileType = text.plist.strings; name = en; path = en.lproj/InfoPlist.strings; sourceTree = "<group>"; };
		2D49AEA11308C28400862F5E /* iPad-Prefix.pch */ = {isa = PBXFileReference; lastKnownFileType = sourcecode.c.h; path = "iPad-Prefix.pch"; sourceTree = "<group>"; };
		2D49AEA21308C28400862F5E /* main.m */ = {isa = PBXFileReference; lastKnownFileType = sourcecode.c.objc; path = main.m; sourceTree = "<group>"; };
		2D49AEA41308C28400862F5E /* iPadAppDelegate.h */ = {isa = PBXFileReference; lastKnownFileType = sourcecode.c.h; path = iPadAppDelegate.h; sourceTree = "<group>"; };
		2D49AEA51308C28400862F5E /* iPadAppDelegate.m */ = {isa = PBXFileReference; lastKnownFileType = sourcecode.c.objc; path = iPadAppDelegate.m; sourceTree = "<group>"; };
		2D49AEA81308C28400862F5E /* en */ = {isa = PBXFileReference; lastKnownFileType = file.xib; name = en; path = en.lproj/MainWindow.xib; sourceTree = "<group>"; };
		2D49AEAA1308C28400862F5E /* DetailViewController.h */ = {isa = PBXFileReference; lastKnownFileType = sourcecode.c.h; path = DetailViewController.h; sourceTree = "<group>"; };
		2D49AEAB1308C28400862F5E /* DetailViewController.m */ = {isa = PBXFileReference; lastKnownFileType = sourcecode.c.objc; path = DetailViewController.m; sourceTree = "<group>"; };
		2D49AEAE1308C28400862F5E /* en */ = {isa = PBXFileReference; lastKnownFileType = file.xib; name = en; path = en.lproj/DetailView.xib; sourceTree = "<group>"; };
		2D49AEB01308C28400862F5E /* RootViewController.h */ = {isa = PBXFileReference; lastKnownFileType = sourcecode.c.h; path = RootViewController.h; sourceTree = "<group>"; };
		2D49AEB11308C28400862F5E /* RootViewController.m */ = {isa = PBXFileReference; lastKnownFileType = sourcecode.c.objc; path = RootViewController.m; sourceTree = "<group>"; };
		2D49AEC11308C53E00862F5E /* MainWindow-iPad.xib */ = {isa = PBXFileReference; fileEncoding = 4; lastKnownFileType = file.xib; path = "MainWindow-iPad.xib"; sourceTree = "<group>"; };
		2D6DA3871303828100900D67 /* StaffTableViewCellNib.xib */ = {isa = PBXFileReference; fileEncoding = 4; lastKnownFileType = file.xib; path = StaffTableViewCellNib.xib; sourceTree = "<group>"; };
		2D6DA38B13038E5400900D67 /* AVFoundation.framework */ = {isa = PBXFileReference; lastKnownFileType = wrapper.framework; name = AVFoundation.framework; path = System/Library/Frameworks/AVFoundation.framework; sourceTree = SDKROOT; };
		2D6F265C12FD0459008C2FDB /* pic1.jpg */ = {isa = PBXFileReference; lastKnownFileType = image.jpeg; path = pic1.jpg; sourceTree = "<group>"; };
		2D6F265D12FD0459008C2FDB /* pic2.jpg */ = {isa = PBXFileReference; lastKnownFileType = image.jpeg; path = pic2.jpg; sourceTree = "<group>"; };
		2D6F265E12FD0459008C2FDB /* pic3.jpg */ = {isa = PBXFileReference; lastKnownFileType = image.jpeg; path = pic3.jpg; sourceTree = "<group>"; };
		2D6F265F12FD0459008C2FDB /* pic4.jpg */ = {isa = PBXFileReference; lastKnownFileType = image.jpeg; path = pic4.jpg; sourceTree = "<group>"; };
		2D7A6BDB12FDC8700002D7EA /* GenericWebNavViewController.h */ = {isa = PBXFileReference; fileEncoding = 4; lastKnownFileType = sourcecode.c.h; path = GenericWebNavViewController.h; sourceTree = "<group>"; };
		2D7A6BDC12FDC8700002D7EA /* GenericWebNavViewController.m */ = {isa = PBXFileReference; fileEncoding = 4; lastKnownFileType = sourcecode.c.objc; path = GenericWebNavViewController.m; sourceTree = "<group>"; };
		2D7A6BDD12FDC8700002D7EA /* GenericWebNavViewController.xib */ = {isa = PBXFileReference; fileEncoding = 4; lastKnownFileType = file.xib; path = GenericWebNavViewController.xib; sourceTree = "<group>"; };
		2D7ADD5512FA12D000B28EF1 /* TwitterViewController.h */ = {isa = PBXFileReference; fileEncoding = 4; lastKnownFileType = sourcecode.c.h; path = TwitterViewController.h; sourceTree = "<group>"; };
		2D7ADD5612FA12D000B28EF1 /* TwitterViewController.m */ = {isa = PBXFileReference; fileEncoding = 4; lastKnownFileType = sourcecode.c.objc; path = TwitterViewController.m; sourceTree = "<group>"; };
		2D7ADD5712FA12D000B28EF1 /* TwitterViewController.xib */ = {isa = PBXFileReference; fileEncoding = 4; lastKnownFileType = file.xib; path = TwitterViewController.xib; sourceTree = "<group>"; };
		2D7ADD5A12FA248C00B28EF1 /* TwitterParser.h */ = {isa = PBXFileReference; fileEncoding = 4; lastKnownFileType = sourcecode.c.h; path = TwitterParser.h; sourceTree = "<group>"; };
		2D7ADD5B12FA248C00B28EF1 /* TwitterParser.m */ = {isa = PBXFileReference; fileEncoding = 4; lastKnownFileType = sourcecode.c.objc; path = TwitterParser.m; sourceTree = "<group>"; };
		2D7ADD5D12FA24A100B28EF1 /* Tweet.h */ = {isa = PBXFileReference; fileEncoding = 4; lastKnownFileType = sourcecode.c.h; path = Tweet.h; sourceTree = "<group>"; };
		2D7ADD5E12FA24A100B28EF1 /* Tweet.m */ = {isa = PBXFileReference; fileEncoding = 4; lastKnownFileType = sourcecode.c.objc; path = Tweet.m; sourceTree = "<group>"; };
		2D7DBC1E12FDCECA00287814 /* NavBack.png */ = {isa = PBXFileReference; lastKnownFileType = image.png; path = NavBack.png; sourceTree = "<group>"; };
		2D84555312EA835E00F19F55 /* Westside.app */ = {isa = PBXFileReference; explicitFileType = wrapper.application; includeInIndex = 0; path = Westside.app; sourceTree = BUILT_PRODUCTS_DIR; };
		2D84555712EA835E00F19F55 /* UIKit.framework */ = {isa = PBXFileReference; lastKnownFileType = wrapper.framework; name = UIKit.framework; path = System/Library/Frameworks/UIKit.framework; sourceTree = SDKROOT; };
		2D84555912EA835E00F19F55 /* Foundation.framework */ = {isa = PBXFileReference; lastKnownFileType = wrapper.framework; name = Foundation.framework; path = System/Library/Frameworks/Foundation.framework; sourceTree = SDKROOT; };
		2D84555B12EA835E00F19F55 /* CoreGraphics.framework */ = {isa = PBXFileReference; lastKnownFileType = wrapper.framework; name = CoreGraphics.framework; path = System/Library/Frameworks/CoreGraphics.framework; sourceTree = SDKROOT; };
		2D84555F12EA835E00F19F55 /* Westside-Info.plist */ = {isa = PBXFileReference; lastKnownFileType = text.plist.xml; path = "Westside-Info.plist"; sourceTree = "<group>"; };
		2D84556112EA835E00F19F55 /* en */ = {isa = PBXFileReference; lastKnownFileType = text.plist.strings; name = en; path = en.lproj/InfoPlist.strings; sourceTree = "<group>"; };
		2D84556312EA835E00F19F55 /* Westside-Prefix.pch */ = {isa = PBXFileReference; lastKnownFileType = sourcecode.c.h; path = "Westside-Prefix.pch"; sourceTree = "<group>"; };
		2D84556412EA835E00F19F55 /* main.m */ = {isa = PBXFileReference; lastKnownFileType = sourcecode.c.objc; path = main.m; sourceTree = "<group>"; };
		2D84556612EA835E00F19F55 /* WestsideAppDelegate.h */ = {isa = PBXFileReference; lastKnownFileType = sourcecode.c.h; path = WestsideAppDelegate.h; sourceTree = "<group>"; };
		2D84556712EA835E00F19F55 /* WestsideAppDelegate.m */ = {isa = PBXFileReference; lastKnownFileType = sourcecode.c.objc; path = WestsideAppDelegate.m; sourceTree = "<group>"; };
		2D84556A12EA835E00F19F55 /* en */ = {isa = PBXFileReference; lastKnownFileType = file.xib; name = en; path = en.lproj/MainWindow.xib; sourceTree = "<group>"; };
		2D84556C12EA835E00F19F55 /* MoreViewController.h */ = {isa = PBXFileReference; lastKnownFileType = sourcecode.c.h; path = MoreViewController.h; sourceTree = "<group>"; };
		2D84556D12EA835E00F19F55 /* MoreViewController.m */ = {isa = PBXFileReference; lastKnownFileType = sourcecode.c.objc; path = MoreViewController.m; sourceTree = "<group>"; };
		2D84557012EA835E00F19F55 /* en */ = {isa = PBXFileReference; lastKnownFileType = file.xib; name = en; path = en.lproj/MoreViewController.xib; sourceTree = "<group>"; };
		2D84557712EA835E00F19F55 /* WestsideTests.octest */ = {isa = PBXFileReference; explicitFileType = wrapper.cfbundle; includeInIndex = 0; path = WestsideTests.octest; sourceTree = BUILT_PRODUCTS_DIR; };
		2D84557D12EA835E00F19F55 /* WestsideTests-Info.plist */ = {isa = PBXFileReference; lastKnownFileType = text.plist.xml; path = "WestsideTests-Info.plist"; sourceTree = "<group>"; };
		2D84557F12EA835E00F19F55 /* en */ = {isa = PBXFileReference; lastKnownFileType = text.plist.strings; name = en; path = en.lproj/InfoPlist.strings; sourceTree = "<group>"; };
		2D84558112EA835E00F19F55 /* WestsideTests-Prefix.pch */ = {isa = PBXFileReference; lastKnownFileType = sourcecode.c.h; path = "WestsideTests-Prefix.pch"; sourceTree = "<group>"; };
		2D84558212EA835E00F19F55 /* WestsideTests.h */ = {isa = PBXFileReference; lastKnownFileType = sourcecode.c.h; path = WestsideTests.h; sourceTree = "<group>"; };
		2D84558412EA835E00F19F55 /* WestsideTests.m */ = {isa = PBXFileReference; lastKnownFileType = sourcecode.c.objc; path = WestsideTests.m; sourceTree = "<group>"; };
		2D8923B7130460F200679C01 /* MediaPlayer.framework */ = {isa = PBXFileReference; lastKnownFileType = wrapper.framework; name = MediaPlayer.framework; path = System/Library/Frameworks/MediaPlayer.framework; sourceTree = SDKROOT; };
		2D8DA26A12EB628100EE323D /* FeedParser.h */ = {isa = PBXFileReference; fileEncoding = 4; lastKnownFileType = sourcecode.c.h; path = FeedParser.h; sourceTree = "<group>"; };
		2D8DA26B12EB628100EE323D /* FeedParser.m */ = {isa = PBXFileReference; fileEncoding = 4; lastKnownFileType = sourcecode.c.objc; path = FeedParser.m; sourceTree = "<group>"; };
		2D8DA26E12EB695A00EE323D /* Feed.h */ = {isa = PBXFileReference; fileEncoding = 4; lastKnownFileType = sourcecode.c.h; path = Feed.h; sourceTree = "<group>"; };
		2D8DA26F12EB695A00EE323D /* Feed.m */ = {isa = PBXFileReference; fileEncoding = 4; lastKnownFileType = sourcecode.c.objc; path = Feed.m; sourceTree = "<group>"; };
		2DC012B21307240400ADCC98 /* MapKit.framework */ = {isa = PBXFileReference; lastKnownFileType = wrapper.framework; name = MapKit.framework; path = System/Library/Frameworks/MapKit.framework; sourceTree = SDKROOT; };
		2DC012BF1307437A00ADCC98 /* CoreLocation.framework */ = {isa = PBXFileReference; lastKnownFileType = wrapper.framework; name = CoreLocation.framework; path = System/Library/Frameworks/CoreLocation.framework; sourceTree = SDKROOT; };
		2DC1BE4D131DEB4F001DB04B /* ConBack.png */ = {isa = PBXFileReference; lastKnownFileType = image.png; path = ConBack.png; sourceTree = "<group>"; };
		2DC1BE4E131DEB4F001DB04B /* ConBack@2x.png */ = {isa = PBXFileReference; lastKnownFileType = image.png; path = "ConBack@2x.png"; sourceTree = "<group>"; };
		2DC1BE4F131DEB4F001DB04B /* MinBack.png */ = {isa = PBXFileReference; lastKnownFileType = image.png; path = MinBack.png; sourceTree = "<group>"; };
		2DC1BE50131DEB4F001DB04B /* MinBack@2x.png */ = {isa = PBXFileReference; lastKnownFileType = image.png; path = "MinBack@2x.png"; sourceTree = "<group>"; };
		2DC1BE51131DEB4F001DB04B /* MoreBack.png */ = {isa = PBXFileReference; lastKnownFileType = image.png; path = MoreBack.png; sourceTree = "<group>"; };
		2DC1BE52131DEB4F001DB04B /* MoreBack@2x.png */ = {isa = PBXFileReference; lastKnownFileType = image.png; path = "MoreBack@2x.png"; sourceTree = "<group>"; };
		2DC1BE59131DEB55001DB04B /* Default.png */ = {isa = PBXFileReference; lastKnownFileType = image.png; path = Default.png; sourceTree = "<group>"; };
		2DC1BE5A131DEB55001DB04B /* Default@2x.png */ = {isa = PBXFileReference; lastKnownFileType = image.png; path = "Default@2x.png"; sourceTree = "<group>"; };
		2DC1BE5D131DEC31001DB04B /* PlainBack.png */ = {isa = PBXFileReference; lastKnownFileType = image.png; path = PlainBack.png; sourceTree = "<group>"; };
		2DC1BE5E131DEC31001DB04B /* PlainBack@2x.png */ = {isa = PBXFileReference; lastKnownFileType = image.png; path = "PlainBack@2x.png"; sourceTree = "<group>"; };
		2DC1BE62131DEE70001DB04B /* connect.png */ = {isa = PBXFileReference; lastKnownFileType = image.png; path = connect.png; sourceTree = "<group>"; };
		2DC1BE63131DEE70001DB04B /* connect@2x.png */ = {isa = PBXFileReference; lastKnownFileType = image.png; path = "connect@2x.png"; sourceTree = "<group>"; };
		2DC1BE64131DEE70001DB04B /* home.png */ = {isa = PBXFileReference; lastKnownFileType = image.png; path = home.png; sourceTree = "<group>"; };
		2DC1BE65131DEE70001DB04B /* home@2x.png */ = {isa = PBXFileReference; lastKnownFileType = image.png; path = "home@2x.png"; sourceTree = "<group>"; };
		2DC1BE66131DEE70001DB04B /* media.png */ = {isa = PBXFileReference; lastKnownFileType = image.png; path = media.png; sourceTree = "<group>"; };
		2DC1BE67131DEE70001DB04B /* media@2x.png */ = {isa = PBXFileReference; lastKnownFileType = image.png; path = "media@2x.png"; sourceTree = "<group>"; };
		2DC1BE68131DEE70001DB04B /* ministry.png */ = {isa = PBXFileReference; lastKnownFileType = image.png; path = ministry.png; sourceTree = "<group>"; };
		2DC1BE69131DEE70001DB04B /* ministry@2x.png */ = {isa = PBXFileReference; lastKnownFileType = image.png; path = "ministry@2x.png"; sourceTree = "<group>"; };
		2DD7A22F12FF6E7400C5100B /* QuartzCore.framework */ = {isa = PBXFileReference; lastKnownFileType = wrapper.framework; name = QuartzCore.framework; path = System/Library/Frameworks/QuartzCore.framework; sourceTree = SDKROOT; };
		2DE8CBF01304528A00CBFA4F /* icon_blue72.png */ = {isa = PBXFileReference; lastKnownFileType = image.png; name = icon_blue72.png; path = ../icon_blue72.png; sourceTree = "<group>"; };
		2DE8CBF11304528A00CBFA4F /* icon_blue114.png */ = {isa = PBXFileReference; lastKnownFileType = image.png; name = icon_blue114.png; path = ../icon_blue114.png; sourceTree = "<group>"; };
		2DE8CBF21304528A00CBFA4F /* icon_blue57.png */ = {isa = PBXFileReference; lastKnownFileType = image.png; name = icon_blue57.png; path = ../icon_blue57.png; sourceTree = "<group>"; };
		2DEFCA0E13059029008763AC /* Reachability.h */ = {isa = PBXFileReference; fileEncoding = 4; lastKnownFileType = sourcecode.c.h; path = Reachability.h; sourceTree = "<group>"; };
		2DEFCA0F13059029008763AC /* Reachability.m */ = {isa = PBXFileReference; fileEncoding = 4; lastKnownFileType = sourcecode.c.objc; path = Reachability.m; sourceTree = "<group>"; };
		2DEFCA1113059166008763AC /* CFNetwork.framework */ = {isa = PBXFileReference; lastKnownFileType = wrapper.framework; name = CFNetwork.framework; path = System/Library/Frameworks/CFNetwork.framework; sourceTree = SDKROOT; };
		2DEFCA1313059174008763AC /* MobileCoreServices.framework */ = {isa = PBXFileReference; lastKnownFileType = wrapper.framework; name = MobileCoreServices.framework; path = System/Library/Frameworks/MobileCoreServices.framework; sourceTree = SDKROOT; };
		2DEFCA151305917A008763AC /* SystemConfiguration.framework */ = {isa = PBXFileReference; lastKnownFileType = wrapper.framework; name = SystemConfiguration.framework; path = System/Library/Frameworks/SystemConfiguration.framework; sourceTree = SDKROOT; };
		2DF533B91319B7F300D508C1 /* BlogPostViewController.h */ = {isa = PBXFileReference; fileEncoding = 4; lastKnownFileType = sourcecode.c.h; path = BlogPostViewController.h; sourceTree = "<group>"; };
		2DF533BA1319B7F300D508C1 /* BlogPostViewController.m */ = {isa = PBXFileReference; fileEncoding = 4; lastKnownFileType = sourcecode.c.objc; path = BlogPostViewController.m; sourceTree = "<group>"; };
		2DF533BB1319B7F400D508C1 /* BlogPostViewController.xib */ = {isa = PBXFileReference; fileEncoding = 4; lastKnownFileType = file.xib; path = BlogPostViewController.xib; sourceTree = "<group>"; };
		2DFA2A5712F76F2C00E3A8F9 /* ConnectViewController.h */ = {isa = PBXFileReference; fileEncoding = 4; lastKnownFileType = sourcecode.c.h; path = ConnectViewController.h; sourceTree = "<group>"; };
		2DFA2A5812F76F2C00E3A8F9 /* ConnectViewController.m */ = {isa = PBXFileReference; fileEncoding = 4; lastKnownFileType = sourcecode.c.objc; path = ConnectViewController.m; sourceTree = "<group>"; };
		2DFA2A5912F76F2C00E3A8F9 /* ConnectViewController.xib */ = {isa = PBXFileReference; fileEncoding = 4; lastKnownFileType = file.xib; path = ConnectViewController.xib; sourceTree = "<group>"; };
		2DFA2A5D12F776BA00E3A8F9 /* MinistriesTabViewController.h */ = {isa = PBXFileReference; fileEncoding = 4; lastKnownFileType = sourcecode.c.h; path = MinistriesTabViewController.h; sourceTree = "<group>"; };
		2DFA2A5E12F776BA00E3A8F9 /* MinistriesTabViewController.m */ = {isa = PBXFileReference; fileEncoding = 4; lastKnownFileType = sourcecode.c.objc; path = MinistriesTabViewController.m; sourceTree = "<group>"; };
		2DFA2A5F12F776BA00E3A8F9 /* MinistriesTabViewController.xib */ = {isa = PBXFileReference; fileEncoding = 4; lastKnownFileType = file.xib; path = MinistriesTabViewController.xib; sourceTree = "<group>"; };
/* End PBXFileReference section */

/* Begin PBXFrameworksBuildPhase section */
		2D84555012EA835D00F19F55 /* Frameworks */ = {
			isa = PBXFrameworksBuildPhase;
			buildActionMask = 2147483647;
			files = (
				2DEFCA161305917A008763AC /* SystemConfiguration.framework in Frameworks */,
				2DEFCA1413059174008763AC /* MobileCoreServices.framework in Frameworks */,
				2DEFCA1213059166008763AC /* CFNetwork.framework in Frameworks */,
				2D8923B8130460F200679C01 /* MediaPlayer.framework in Frameworks */,
				2D6DA38C13038E5600900D67 /* AVFoundation.framework in Frameworks */,
				2DD7A23012FF6E7400C5100B /* QuartzCore.framework in Frameworks */,
				2D84555812EA835E00F19F55 /* UIKit.framework in Frameworks */,
				2D84555A12EA835E00F19F55 /* Foundation.framework in Frameworks */,
				2D84555C12EA835E00F19F55 /* CoreGraphics.framework in Frameworks */,
			);
			runOnlyForDeploymentPostprocessing = 0;
		};
		2D84557312EA835E00F19F55 /* Frameworks */ = {
			isa = PBXFrameworksBuildPhase;
			buildActionMask = 2147483647;
			files = (
				2D84557812EA835E00F19F55 /* UIKit.framework in Frameworks */,
				2D84557912EA835E00F19F55 /* Foundation.framework in Frameworks */,
				2D84557A12EA835E00F19F55 /* CoreGraphics.framework in Frameworks */,
			);
			runOnlyForDeploymentPostprocessing = 0;
		};
/* End PBXFrameworksBuildPhase section */

/* Begin PBXGroup section */
		2D01C674130E09AC000FDE79 /* Home */ = {
			isa = PBXGroup;
			children = (
				2D01C66F130E09A7000FDE79 /* HomeViewController.h */,
				2D01C670130E09A7000FDE79 /* HomeViewController.m */,
				2D01C671130E09A7000FDE79 /* HomeViewController.xib */,
			);
			name = Home;
			path = ..;
			sourceTree = "<group>";
		};
		2D49AE9B1308C28400862F5E /* iPad */ = {
			isa = PBXGroup;
			children = (
				2D49AEA41308C28400862F5E /* iPadAppDelegate.h */,
				2D49AEA51308C28400862F5E /* iPadAppDelegate.m */,
				2D49AEA71308C28400862F5E /* MainWindow.xib */,
				2D49AEAA1308C28400862F5E /* DetailViewController.h */,
				2D49AEAB1308C28400862F5E /* DetailViewController.m */,
				2D49AEAD1308C28400862F5E /* DetailView.xib */,
				2D49AEB01308C28400862F5E /* RootViewController.h */,
				2D49AEB11308C28400862F5E /* RootViewController.m */,
				2D49AE9C1308C28400862F5E /* Supporting Files */,
			);
			path = iPad;
			sourceTree = "<group>";
		};
		2D49AE9C1308C28400862F5E /* Supporting Files */ = {
			isa = PBXGroup;
			children = (
				2D49AE9D1308C28400862F5E /* iPad-Info.plist */,
				2D49AE9E1308C28400862F5E /* InfoPlist.strings */,
				2D49AEA11308C28400862F5E /* iPad-Prefix.pch */,
				2D49AEA21308C28400862F5E /* main.m */,
			);
			name = "Supporting Files";
			sourceTree = "<group>";
		};
		2D49AEB71308C32B00862F5E /* iPad */ = {
			isa = PBXGroup;
			children = (
				2D49AEC11308C53E00862F5E /* MainWindow-iPad.xib */,
			);
			name = iPad;
			sourceTree = "<group>";
		};
		2D84554812EA835D00F19F55 = {
			isa = PBXGroup;
			children = (
				2D84555D12EA835E00F19F55 /* Westside */,
				2D84557B12EA835E00F19F55 /* WestsideTests */,
				2D49AE9B1308C28400862F5E /* iPad */,
				2D84555612EA835E00F19F55 /* Frameworks */,
				2D84555412EA835E00F19F55 /* Products */,
			);
			sourceTree = "<group>";
		};
		2D84555412EA835E00F19F55 /* Products */ = {
			isa = PBXGroup;
			children = (
				2D84555312EA835E00F19F55 /* Westside.app */,
				2D84557712EA835E00F19F55 /* WestsideTests.octest */,
			);
			name = Products;
			sourceTree = "<group>";
		};
		2D84555612EA835E00F19F55 /* Frameworks */ = {
			isa = PBXGroup;
			children = (
				2DC012BF1307437A00ADCC98 /* CoreLocation.framework */,
				2DC012B21307240400ADCC98 /* MapKit.framework */,
				2DEFCA151305917A008763AC /* SystemConfiguration.framework */,
				2DEFCA1313059174008763AC /* MobileCoreServices.framework */,
				2DEFCA1113059166008763AC /* CFNetwork.framework */,
				2D8923B7130460F200679C01 /* MediaPlayer.framework */,
				2D6DA38B13038E5400900D67 /* AVFoundation.framework */,
				2DD7A22F12FF6E7400C5100B /* QuartzCore.framework */,
				2D84555712EA835E00F19F55 /* UIKit.framework */,
				2D84555912EA835E00F19F55 /* Foundation.framework */,
				2D84555B12EA835E00F19F55 /* CoreGraphics.framework */,
			);
			name = Frameworks;
			sourceTree = "<group>";
		};
		2D84555D12EA835E00F19F55 /* Westside */ = {
			isa = PBXGroup;
			children = (
				2DD5D38512F7A00F00D67898 /* Resources */,
				2D49AEB71308C32B00862F5E /* iPad */,
				2DC012B51307325B00ADCC98 /* App Delegate */,
				2D01C674130E09AC000FDE79 /* Home */,
				2D9B98BD12F767CF001FA322 /* Connect Tab */,
				2D9B98BA12F76794001FA322 /* Media Tab */,
				2DFA2A5C12F7765900E3A8F9 /* Ministries Tab */,
				2D9B98BC12F7679F001FA322 /* More Tab */,
				2DC012B41307324200ADCC98 /* Generic Web View */,
				2D84555E12EA835E00F19F55 /* Supporting Files */,
			);
			path = Westside;
			sourceTree = "<group>";
		};
		2D84555E12EA835E00F19F55 /* Supporting Files */ = {
			isa = PBXGroup;
			children = (
				2DEFCA0E13059029008763AC /* Reachability.h */,
				2DEFCA0F13059029008763AC /* Reachability.m */,
				2D84555F12EA835E00F19F55 /* Westside-Info.plist */,
				2D84556012EA835E00F19F55 /* InfoPlist.strings */,
				2D84556312EA835E00F19F55 /* Westside-Prefix.pch */,
				2D84556412EA835E00F19F55 /* main.m */,
			);
			name = "Supporting Files";
			sourceTree = "<group>";
		};
		2D84557B12EA835E00F19F55 /* WestsideTests */ = {
			isa = PBXGroup;
			children = (
				2D84558212EA835E00F19F55 /* WestsideTests.h */,
				2D84558412EA835E00F19F55 /* WestsideTests.m */,
				2D84557C12EA835E00F19F55 /* Supporting Files */,
			);
			path = WestsideTests;
			sourceTree = "<group>";
		};
		2D84557C12EA835E00F19F55 /* Supporting Files */ = {
			isa = PBXGroup;
			children = (
				2D84557D12EA835E00F19F55 /* WestsideTests-Info.plist */,
				2D84557E12EA835E00F19F55 /* InfoPlist.strings */,
				2D84558112EA835E00F19F55 /* WestsideTests-Prefix.pch */,
			);
			name = "Supporting Files";
			sourceTree = "<group>";
		};
		2D9B98BA12F76794001FA322 /* Media Tab */ = {
			isa = PBXGroup;
			children = (
				2D0F8F4412EBB19700C9B88B /* MediaController.h */,
				2D0F8F4512EBB19700C9B88B /* MediaController.m */,
				2D0F8F4612EBB19700C9B88B /* MediaController.xib */,
				2D8DA26A12EB628100EE323D /* FeedParser.h */,
				2D8DA26B12EB628100EE323D /* FeedParser.m */,
				2D8DA26E12EB695A00EE323D /* Feed.h */,
				2D8DA26F12EB695A00EE323D /* Feed.m */,
				2D4638AF130F565300506F5A /* LoadingTableCellView.xib */,
			);
			name = "Media Tab";
			sourceTree = "<group>";
		};
		2D9B98BC12F7679F001FA322 /* More Tab */ = {
			isa = PBXGroup;
			children = (
				2D84556C12EA835E00F19F55 /* MoreViewController.h */,
				2D84556D12EA835E00F19F55 /* MoreViewController.m */,
				2D84556F12EA835E00F19F55 /* MoreViewController.xib */,
			);
			name = "More Tab";
			sourceTree = "<group>";
		};
		2D9B98BD12F767CF001FA322 /* Connect Tab */ = {
			isa = PBXGroup;
			children = (
				2DFA2A5712F76F2C00E3A8F9 /* ConnectViewController.h */,
				2DFA2A5812F76F2C00E3A8F9 /* ConnectViewController.m */,
				2DFA2A5912F76F2C00E3A8F9 /* ConnectViewController.xib */,
				2D4062C31309C08F00A307E4 /* StaffDetailsViewController.h */,
				2D4062C41309C08F00A307E4 /* StaffDetailsViewController.m */,
				2D4062C51309C08F00A307E4 /* StaffDetailsViewController.xib */,
				2D6DA3871303828100900D67 /* StaffTableViewCellNib.xib */,
				2D7ADD5512FA12D000B28EF1 /* TwitterViewController.h */,
				2D7ADD5612FA12D000B28EF1 /* TwitterViewController.m */,
				2D1B487A12FDFDFA00D11A42 /* TwitterTableViewCellNib.xib */,
				2D7ADD5712FA12D000B28EF1 /* TwitterViewController.xib */,
				2D7ADD5A12FA248C00B28EF1 /* TwitterParser.h */,
				2D7ADD5B12FA248C00B28EF1 /* TwitterParser.m */,
				2D7ADD5D12FA24A100B28EF1 /* Tweet.h */,
				2D7ADD5E12FA24A100B28EF1 /* Tweet.m */,
			);
			name = "Connect Tab";
			sourceTree = "<group>";
		};
		2DC012B41307324200ADCC98 /* Generic Web View */ = {
			isa = PBXGroup;
			children = (
				2D22F02912FDCE8400FD3EAB /* NavFor.png */,
				2D7DBC1E12FDCECA00287814 /* NavBack.png */,
				2D7A6BDB12FDC8700002D7EA /* GenericWebNavViewController.h */,
				2D7A6BDC12FDC8700002D7EA /* GenericWebNavViewController.m */,
				2D7A6BDD12FDC8700002D7EA /* GenericWebNavViewController.xib */,
				2DF533B91319B7F300D508C1 /* BlogPostViewController.h */,
				2DF533BA1319B7F300D508C1 /* BlogPostViewController.m */,
				2DF533BB1319B7F400D508C1 /* BlogPostViewController.xib */,
			);
			name = "Generic Web View";
			sourceTree = "<group>";
		};
		2DC012B51307325B00ADCC98 /* App Delegate */ = {
			isa = PBXGroup;
			children = (
				2D84556612EA835E00F19F55 /* WestsideAppDelegate.h */,
				2D84556712EA835E00F19F55 /* WestsideAppDelegate.m */,
				2D84556912EA835E00F19F55 /* MainWindow.xib */,
			);
			name = "App Delegate";
			sourceTree = "<group>";
		};
		2DC012B6130733AD00ADCC98 /* Icon */ = {
			isa = PBXGroup;
			children = (
				2DE8CBF11304528A00CBFA4F /* icon_blue114.png */,
				2DE8CBF01304528A00CBFA4F /* icon_blue72.png */,
				2DE8CBF21304528A00CBFA4F /* icon_blue57.png */,
			);
			name = Icon;
			sourceTree = "<group>";
		};
		2DC012B7130733BA00ADCC98 /* Background */ = {
			isa = PBXGroup;
			children = (
				2DC1BE5D131DEC31001DB04B /* PlainBack.png */,
				2DC1BE5E131DEC31001DB04B /* PlainBack@2x.png */,
				2DC1BE59131DEB55001DB04B /* Default.png */,
				2DC1BE5A131DEB55001DB04B /* Default@2x.png */,
				2DC1BE4D131DEB4F001DB04B /* ConBack.png */,
				2DC1BE4E131DEB4F001DB04B /* ConBack@2x.png */,
				2DC1BE4F131DEB4F001DB04B /* MinBack.png */,
				2DC1BE50131DEB4F001DB04B /* MinBack@2x.png */,
				2DC1BE51131DEB4F001DB04B /* MoreBack.png */,
				2DC1BE52131DEB4F001DB04B /* MoreBack@2x.png */,
			);
			name = Background;
			sourceTree = "<group>";
		};
		2DC012BA130733FD00ADCC98 /* Animation Picures */ = {
			isa = PBXGroup;
			children = (
				2D6F265C12FD0459008C2FDB /* pic1.jpg */,
				2D6F265D12FD0459008C2FDB /* pic2.jpg */,
				2D6F265E12FD0459008C2FDB /* pic3.jpg */,
				2D6F265F12FD0459008C2FDB /* pic4.jpg */,
			);
			name = "Animation Picures";
			sourceTree = "<group>";
		};
		2DC1BE61131DEE70001DB04B /* Tabs */ = {
			isa = PBXGroup;
			children = (
				2DC1BE62131DEE70001DB04B /* connect.png */,
				2DC1BE63131DEE70001DB04B /* connect@2x.png */,
				2DC1BE64131DEE70001DB04B /* home.png */,
				2DC1BE65131DEE70001DB04B /* home@2x.png */,
				2DC1BE66131DEE70001DB04B /* media.png */,
				2DC1BE67131DEE70001DB04B /* media@2x.png */,
				2DC1BE68131DEE70001DB04B /* ministry.png */,
				2DC1BE69131DEE70001DB04B /* ministry@2x.png */,
			);
			path = Tabs;
			sourceTree = "<group>";
		};
		2DD5D38512F7A00F00D67898 /* Resources */ = {
			isa = PBXGroup;
			children = (
				2DC1BE61131DEE70001DB04B /* Tabs */,
				2DC012B6130733AD00ADCC98 /* Icon */,
				2DC012B7130733BA00ADCC98 /* Background */,
				2DEFCA1C1305AC57008763AC /* Staff Images */,
				2DC012BA130733FD00ADCC98 /* Animation Picures */,
			);
			name = Resources;
			sourceTree = "<group>";
		};
		2DEFCA1C1305AC57008763AC /* Staff Images */ = {
			isa = PBXGroup;
			children = (
				2D2E63091319D19F00A92AD0 /* ronL.png */,
				2D2E62F51319CFC800A92AD0 /* chad.png */,
				2D2E62F61319CFC800A92AD0 /* daniel.png */,
				2D2E62F71319CFC800A92AD0 /* gary.png */,
				2D2E62F81319CFC800A92AD0 /* glen.png */,
				2D2E62F91319CFC800A92AD0 /* john.png */,
				2D2E62FA1319CFC800A92AD0 /* mike.png */,
				2D2E62FB1319CFC800A92AD0 /* phil.png */,
				2D2E62FC1319CFC800A92AD0 /* sheryl.png */,
				2D2E62FD1319CFC800A92AD0 /* steve.png */,
				2D2E62FE1319CFC800A92AD0 /* tom.png */,
				2D2E62E11319CFBA00A92AD0 /* chadL.png */,
				2D2E62E21319CFBA00A92AD0 /* danielL.png */,
				2D2E62E31319CFBA00A92AD0 /* garyL.png */,
				2D2E62E41319CFBA00A92AD0 /* glenL.png */,
				2D2E62E51319CFBA00A92AD0 /* johnL.png */,
				2D2E62E61319CFBA00A92AD0 /* mikeL.png */,
				2D2E62E71319CFBA00A92AD0 /* philL.png */,
				2D2E62E81319CFBA00A92AD0 /* sherylL.png */,
				2D2E62E91319CFBA00A92AD0 /* steveL.png */,
				2D2E62EA1319CFBA00A92AD0 /* tomL.png */,
			);
			name = "Staff Images";
			sourceTree = "<group>";
		};
		2DFA2A5C12F7765900E3A8F9 /* Ministries Tab */ = {
			isa = PBXGroup;
			children = (
				2DFA2A5D12F776BA00E3A8F9 /* MinistriesTabViewController.h */,
				2DFA2A5E12F776BA00E3A8F9 /* MinistriesTabViewController.m */,
				2DFA2A5F12F776BA00E3A8F9 /* MinistriesTabViewController.xib */,
			);
			name = "Ministries Tab";
			sourceTree = "<group>";
		};
/* End PBXGroup section */

/* Begin PBXNativeTarget section */
		2D84555212EA835D00F19F55 /* Westside */ = {
			isa = PBXNativeTarget;
			buildConfigurationList = 2D84558812EA835E00F19F55 /* Build configuration list for PBXNativeTarget "Westside" */;
			buildPhases = (
				2D84554F12EA835D00F19F55 /* Sources */,
				2D84555012EA835D00F19F55 /* Frameworks */,
				2D84555112EA835D00F19F55 /* Resources */,
			);
			buildRules = (
			);
			dependencies = (
			);
			name = Westside;
			productName = Westside;
			productReference = 2D84555312EA835E00F19F55 /* Westside.app */;
			productType = "com.apple.product-type.application";
		};
		2D84557612EA835E00F19F55 /* WestsideTests */ = {
			isa = PBXNativeTarget;
			buildConfigurationList = 2D84558B12EA835E00F19F55 /* Build configuration list for PBXNativeTarget "WestsideTests" */;
			buildPhases = (
				2D84557212EA835E00F19F55 /* Sources */,
				2D84557312EA835E00F19F55 /* Frameworks */,
				2D84557412EA835E00F19F55 /* Resources */,
				2D84557512EA835E00F19F55 /* ShellScript */,
			);
			buildRules = (
			);
			dependencies = (
			);
			name = WestsideTests;
			productName = WestsideTests;
			productReference = 2D84557712EA835E00F19F55 /* WestsideTests.octest */;
			productType = "com.apple.product-type.bundle";
		};
/* End PBXNativeTarget section */

/* Begin PBXProject section */
		2D84554A12EA835D00F19F55 /* Project object */ = {
			isa = PBXProject;
			buildConfigurationList = 2D84554D12EA835D00F19F55 /* Build configuration list for PBXProject "Westside" */;
			compatibilityVersion = "Xcode 3.2";
			developmentRegion = English;
			hasScannedForEncodings = 0;
			knownRegions = (
				en,
			);
			mainGroup = 2D84554812EA835D00F19F55;
			productRefGroup = 2D84555412EA835E00F19F55 /* Products */;
			projectDirPath = "";
			projectRoot = "";
			targets = (
				2D84555212EA835D00F19F55 /* Westside */,
				2D84557612EA835E00F19F55 /* WestsideTests */,
			);
		};
/* End PBXProject section */

/* Begin PBXResourcesBuildPhase section */
		2D84555112EA835D00F19F55 /* Resources */ = {
			isa = PBXResourcesBuildPhase;
			buildActionMask = 2147483647;
			files = (
				2D84556212EA835E00F19F55 /* InfoPlist.strings in Resources */,
				2D84556B12EA835E00F19F55 /* MainWindow.xib in Resources */,
				2D84557112EA835E00F19F55 /* MoreViewController.xib in Resources */,
				2D0F8F4812EBB19700C9B88B /* MediaController.xib in Resources */,
				2DFA2A5B12F76F2C00E3A8F9 /* ConnectViewController.xib in Resources */,
				2DFA2A6112F776BA00E3A8F9 /* MinistriesTabViewController.xib in Resources */,
				2D7ADD5912FA12D000B28EF1 /* TwitterViewController.xib in Resources */,
				2D6F266012FD0459008C2FDB /* pic1.jpg in Resources */,
				2D6F266112FD0459008C2FDB /* pic2.jpg in Resources */,
				2D6F266212FD0459008C2FDB /* pic3.jpg in Resources */,
				2D6F266312FD0459008C2FDB /* pic4.jpg in Resources */,
				2D7A6BDF12FDC8700002D7EA /* GenericWebNavViewController.xib in Resources */,
				2D22F02A12FDCE8400FD3EAB /* NavFor.png in Resources */,
				2D7DBC1F12FDCECA00287814 /* NavBack.png in Resources */,
				2D1B487B12FDFDFB00D11A42 /* TwitterTableViewCellNib.xib in Resources */,
				2D6DA3881303828100900D67 /* StaffTableViewCellNib.xib in Resources */,
				2DE8CBF31304528A00CBFA4F /* icon_blue72.png in Resources */,
				2DE8CBF41304528A00CBFA4F /* icon_blue114.png in Resources */,
				2DE8CBF51304528A00CBFA4F /* icon_blue57.png in Resources */,
				2D49AEC21308C53E00862F5E /* MainWindow-iPad.xib in Resources */,
				2D4062C71309C08F00A307E4 /* StaffDetailsViewController.xib in Resources */,
				2D01C673130E09A7000FDE79 /* HomeViewController.xib in Resources */,
				2D4638B0130F565300506F5A /* LoadingTableCellView.xib in Resources */,
				2DF533BD1319B7F400D508C1 /* BlogPostViewController.xib in Resources */,
				2D2E62EB1319CFBA00A92AD0 /* chadL.png in Resources */,
				2D2E62EC1319CFBA00A92AD0 /* danielL.png in Resources */,
				2D2E62ED1319CFBA00A92AD0 /* garyL.png in Resources */,
				2D2E62EE1319CFBA00A92AD0 /* glenL.png in Resources */,
				2D2E62EF1319CFBA00A92AD0 /* johnL.png in Resources */,
				2D2E62F01319CFBA00A92AD0 /* mikeL.png in Resources */,
				2D2E62F11319CFBA00A92AD0 /* philL.png in Resources */,
				2D2E62F21319CFBA00A92AD0 /* sherylL.png in Resources */,
				2D2E62F31319CFBA00A92AD0 /* steveL.png in Resources */,
				2D2E62F41319CFBA00A92AD0 /* tomL.png in Resources */,
				2D2E62FF1319CFC800A92AD0 /* chad.png in Resources */,
				2D2E63001319CFC800A92AD0 /* daniel.png in Resources */,
				2D2E63011319CFC800A92AD0 /* gary.png in Resources */,
				2D2E63021319CFC800A92AD0 /* glen.png in Resources */,
				2D2E63031319CFC800A92AD0 /* john.png in Resources */,
				2D2E63041319CFC800A92AD0 /* mike.png in Resources */,
				2D2E63051319CFC800A92AD0 /* phil.png in Resources */,
				2D2E63061319CFC800A92AD0 /* sheryl.png in Resources */,
				2D2E63071319CFC800A92AD0 /* steve.png in Resources */,
				2D2E63081319CFC800A92AD0 /* tom.png in Resources */,
				2D2E630A1319D19F00A92AD0 /* ronL.png in Resources */,
				2DC1BE53131DEB4F001DB04B /* ConBack.png in Resources */,
				2DC1BE54131DEB4F001DB04B /* ConBack@2x.png in Resources */,
				2DC1BE55131DEB4F001DB04B /* MinBack.png in Resources */,
				2DC1BE56131DEB4F001DB04B /* MinBack@2x.png in Resources */,
				2DC1BE57131DEB4F001DB04B /* MoreBack.png in Resources */,
				2DC1BE58131DEB4F001DB04B /* MoreBack@2x.png in Resources */,
				2DC1BE5B131DEB55001DB04B /* Default.png in Resources */,
				2DC1BE5C131DEB55001DB04B /* Default@2x.png in Resources */,
				2DC1BE5F131DEC31001DB04B /* PlainBack.png in Resources */,
				2DC1BE60131DEC31001DB04B /* PlainBack@2x.png in Resources */,
				2DC1BE6A131DEE70001DB04B /* connect.png in Resources */,
				2DC1BE6B131DEE70001DB04B /* connect@2x.png in Resources */,
				2DC1BE6C131DEE70001DB04B /* home.png in Resources */,
				2DC1BE6D131DEE70001DB04B /* home@2x.png in Resources */,
				2DC1BE6E131DEE70001DB04B /* media.png in Resources */,
				2DC1BE6F131DEE70001DB04B /* media@2x.png in Resources */,
				2DC1BE70131DEE70001DB04B /* ministry.png in Resources */,
				2DC1BE71131DEE70001DB04B /* ministry@2x.png in Resources */,
			);
			runOnlyForDeploymentPostprocessing = 0;
		};
		2D84557412EA835E00F19F55 /* Resources */ = {
			isa = PBXResourcesBuildPhase;
			buildActionMask = 2147483647;
			files = (
				2D84558012EA835E00F19F55 /* InfoPlist.strings in Resources */,
				2D84558312EA835E00F19F55 /* WestsideTests.h in Resources */,
			);
			runOnlyForDeploymentPostprocessing = 0;
		};
/* End PBXResourcesBuildPhase section */

/* Begin PBXShellScriptBuildPhase section */
		2D84557512EA835E00F19F55 /* ShellScript */ = {
			isa = PBXShellScriptBuildPhase;
			buildActionMask = 2147483647;
			files = (
			);
			inputPaths = (
			);
			outputPaths = (
			);
			runOnlyForDeploymentPostprocessing = 0;
			shellPath = /bin/sh;
			shellScript = "# Run the unit tests in this test bundle.\n\"${SYSTEM_DEVELOPER_DIR}/Tools/RunUnitTests\"\n";
		};
/* End PBXShellScriptBuildPhase section */

/* Begin PBXSourcesBuildPhase section */
		2D84554F12EA835D00F19F55 /* Sources */ = {
			isa = PBXSourcesBuildPhase;
			buildActionMask = 2147483647;
			files = (
				2D84556512EA835E00F19F55 /* main.m in Sources */,
				2D84556812EA835E00F19F55 /* WestsideAppDelegate.m in Sources */,
				2D84556E12EA835E00F19F55 /* MoreViewController.m in Sources */,
				2D8DA26C12EB628100EE323D /* FeedParser.m in Sources */,
				2D8DA27012EB695A00EE323D /* Feed.m in Sources */,
				2D0F8F4712EBB19700C9B88B /* MediaController.m in Sources */,
				2DFA2A5A12F76F2C00E3A8F9 /* ConnectViewController.m in Sources */,
				2DFA2A6012F776BA00E3A8F9 /* MinistriesTabViewController.m in Sources */,
				2D7ADD5812FA12D000B28EF1 /* TwitterViewController.m in Sources */,
				2D7ADD5C12FA248C00B28EF1 /* TwitterParser.m in Sources */,
				2D7ADD5F12FA24A100B28EF1 /* Tweet.m in Sources */,
				2D7A6BDE12FDC8700002D7EA /* GenericWebNavViewController.m in Sources */,
				2DEFCA1013059029008763AC /* Reachability.m in Sources */,
				2D4062C61309C08F00A307E4 /* StaffDetailsViewController.m in Sources */,
				2D01C672130E09A7000FDE79 /* HomeViewController.m in Sources */,
				2DF533BC1319B7F400D508C1 /* BlogPostViewController.m in Sources */,
			);
			runOnlyForDeploymentPostprocessing = 0;
		};
		2D84557212EA835E00F19F55 /* Sources */ = {
			isa = PBXSourcesBuildPhase;
			buildActionMask = 2147483647;
			files = (
				2D84558512EA835E00F19F55 /* WestsideTests.m in Sources */,
			);
			runOnlyForDeploymentPostprocessing = 0;
		};
/* End PBXSourcesBuildPhase section */

/* Begin PBXVariantGroup section */
		2D49AE9E1308C28400862F5E /* InfoPlist.strings */ = {
			isa = PBXVariantGroup;
			children = (
				2D49AE9F1308C28400862F5E /* en */,
			);
			name = InfoPlist.strings;
			sourceTree = "<group>";
		};
		2D49AEA71308C28400862F5E /* MainWindow.xib */ = {
			isa = PBXVariantGroup;
			children = (
				2D49AEA81308C28400862F5E /* en */,
			);
			name = MainWindow.xib;
			sourceTree = "<group>";
		};
		2D49AEAD1308C28400862F5E /* DetailView.xib */ = {
			isa = PBXVariantGroup;
			children = (
				2D49AEAE1308C28400862F5E /* en */,
			);
			name = DetailView.xib;
			sourceTree = "<group>";
		};
		2D84556012EA835E00F19F55 /* InfoPlist.strings */ = {
			isa = PBXVariantGroup;
			children = (
				2D84556112EA835E00F19F55 /* en */,
			);
			name = InfoPlist.strings;
			sourceTree = "<group>";
		};
		2D84556912EA835E00F19F55 /* MainWindow.xib */ = {
			isa = PBXVariantGroup;
			children = (
				2D84556A12EA835E00F19F55 /* en */,
			);
			name = MainWindow.xib;
			sourceTree = "<group>";
		};
		2D84556F12EA835E00F19F55 /* MoreViewController.xib */ = {
			isa = PBXVariantGroup;
			children = (
				2D84557012EA835E00F19F55 /* en */,
			);
			name = MoreViewController.xib;
			sourceTree = "<group>";
		};
		2D84557E12EA835E00F19F55 /* InfoPlist.strings */ = {
			isa = PBXVariantGroup;
			children = (
				2D84557F12EA835E00F19F55 /* en */,
			);
			name = InfoPlist.strings;
			sourceTree = "<group>";
		};
/* End PBXVariantGroup section */

/* Begin XCBuildConfiguration section */
		2D84558612EA835E00F19F55 /* Debug */ = {
			isa = XCBuildConfiguration;
			buildSettings = {
				ARCHS = "$(ARCHS_STANDARD_32_BIT)";
				"CODE_SIGN_IDENTITY[sdk=iphoneos*]" = "iPhone Developer";
				GCC_C_LANGUAGE_STANDARD = gnu99;
				GCC_OPTIMIZATION_LEVEL = 0;
				GCC_PREPROCESSOR_DEFINITIONS = DEBUG;
				GCC_WARN_ABOUT_RETURN_TYPE = YES;
				GCC_WARN_UNUSED_VARIABLE = YES;
				IPHONEOS_DEPLOYMENT_TARGET = 4.0;
				SDKROOT = iphoneos;
			};
			name = Debug;
		};
		2D84558712EA835E00F19F55 /* Release */ = {
			isa = XCBuildConfiguration;
			buildSettings = {
				ARCHS = "$(ARCHS_STANDARD_32_BIT)";
				"CODE_SIGN_IDENTITY[sdk=iphoneos*]" = "iPhone Developer";
				GCC_C_LANGUAGE_STANDARD = gnu99;
				GCC_WARN_ABOUT_RETURN_TYPE = YES;
				GCC_WARN_UNUSED_VARIABLE = YES;
				IPHONEOS_DEPLOYMENT_TARGET = 4.0;
				OTHER_CFLAGS = "-DNS_BLOCK_ASSERTIONS=1";
				SDKROOT = iphoneos;
			};
			name = Release;
		};
		2D84558912EA835E00F19F55 /* Debug */ = {
			isa = XCBuildConfiguration;
			buildSettings = {
				ALWAYS_SEARCH_USER_PATHS = NO;
				COPY_PHASE_STRIP = NO;
				FRAMEWORK_SEARCH_PATHS = (
					"$(inherited)",
					"\"$(SRCROOT)\"",
				);
				GCC_DYNAMIC_NO_PIC = NO;
				GCC_PRECOMPILE_PREFIX_HEADER = YES;
				GCC_PREFIX_HEADER = "Westside/Westside-Prefix.pch";
				INFOPLIST_FILE = "Westside/Westside-Info.plist";
				IPHONEOS_DEPLOYMENT_TARGET = 4.2;
				PRODUCT_NAME = "$(TARGET_NAME)";
				TARGETED_DEVICE_FAMILY = "1,2";
				WRAPPER_EXTENSION = app;
			};
			name = Debug;
		};
		2D84558A12EA835E00F19F55 /* Release */ = {
			isa = XCBuildConfiguration;
			buildSettings = {
				ALWAYS_SEARCH_USER_PATHS = NO;
				COPY_PHASE_STRIP = YES;
				FRAMEWORK_SEARCH_PATHS = (
					"$(inherited)",
					"\"$(SRCROOT)\"",
				);
				GCC_PRECOMPILE_PREFIX_HEADER = YES;
				GCC_PREFIX_HEADER = "Westside/Westside-Prefix.pch";
				INFOPLIST_FILE = "Westside/Westside-Info.plist";
				IPHONEOS_DEPLOYMENT_TARGET = 4.2;
				PRODUCT_NAME = "$(TARGET_NAME)";
				TARGETED_DEVICE_FAMILY = "1,2";
				VALIDATE_PRODUCT = YES;
				WRAPPER_EXTENSION = app;
			};
			name = Release;
		};
		2D84558C12EA835E00F19F55 /* Debug */ = {
			isa = XCBuildConfiguration;
			buildSettings = {
				ALWAYS_SEARCH_USER_PATHS = NO;
				BUNDLE_LOADER = "$(BUILT_PRODUCTS_DIR)/Westside.app/Westside";
				FRAMEWORK_SEARCH_PATHS = (
					"$(SDKROOT)/Developer/Library/Frameworks",
					"$(DEVELOPER_LIBRARY_DIR)/Frameworks",
				);
				GCC_PRECOMPILE_PREFIX_HEADER = YES;
				GCC_PREFIX_HEADER = "WestsideTests/WestsideTests-Prefix.pch";
				INFOPLIST_FILE = "WestsideTests/WestsideTests-Info.plist";
				OTHER_LDFLAGS = (
					"-framework",
					SenTestingKit,
				);
				PRODUCT_NAME = "$(TARGET_NAME)";
				TEST_HOST = "$(BUNDLE_LOADER)";
				WRAPPER_EXTENSION = octest;
			};
			name = Debug;
		};
		2D84558D12EA835E00F19F55 /* Release */ = {
			isa = XCBuildConfiguration;
			buildSettings = {
				ALWAYS_SEARCH_USER_PATHS = NO;
				BUNDLE_LOADER = "$(BUILT_PRODUCTS_DIR)/Westside.app/Westside";
				FRAMEWORK_SEARCH_PATHS = (
					"$(SDKROOT)/Developer/Library/Frameworks",
					"$(DEVELOPER_LIBRARY_DIR)/Frameworks",
				);
				GCC_PRECOMPILE_PREFIX_HEADER = YES;
				GCC_PREFIX_HEADER = "WestsideTests/WestsideTests-Prefix.pch";
				INFOPLIST_FILE = "WestsideTests/WestsideTests-Info.plist";
				OTHER_LDFLAGS = (
					"-framework",
					SenTestingKit,
				);
				PRODUCT_NAME = "$(TARGET_NAME)";
				TEST_HOST = "$(BUNDLE_LOADER)";
				WRAPPER_EXTENSION = octest;
			};
			name = Release;
		};
/* End XCBuildConfiguration section */

/* Begin XCConfigurationList section */
		2D84554D12EA835D00F19F55 /* Build configuration list for PBXProject "Westside" */ = {
			isa = XCConfigurationList;
			buildConfigurations = (
				2D84558612EA835E00F19F55 /* Debug */,
				2D84558712EA835E00F19F55 /* Release */,
			);
			defaultConfigurationIsVisible = 0;
			defaultConfigurationName = Release;
		};
		2D84558812EA835E00F19F55 /* Build configuration list for PBXNativeTarget "Westside" */ = {
			isa = XCConfigurationList;
			buildConfigurations = (
				2D84558912EA835E00F19F55 /* Debug */,
				2D84558A12EA835E00F19F55 /* Release */,
			);
			defaultConfigurationIsVisible = 0;
			defaultConfigurationName = Release;
		};
		2D84558B12EA835E00F19F55 /* Build configuration list for PBXNativeTarget "WestsideTests" */ = {
			isa = XCConfigurationList;
			buildConfigurations = (
				2D84558C12EA835E00F19F55 /* Debug */,
				2D84558D12EA835E00F19F55 /* Release */,
			);
			defaultConfigurationIsVisible = 0;
			defaultConfigurationName = Release;
		};
/* End XCConfigurationList section */
	};
	rootObject = 2D84554A12EA835D00F19F55 /* Project object */;
}
