// !$*UTF8*$!
{
	archiveVersion = 1;
	classes = {
	};
	objectVersion = 46;
	objects = {

/* Begin PBXBuildFile section */
		2D0F8F4712EBB19700C9B88B /* MediaController.m in Sources */ = {isa = PBXBuildFile; fileRef = 2D0F8F4512EBB19700C9B88B /* MediaController.m */; };
		2D0F8F4812EBB19700C9B88B /* MediaController.xib in Resources */ = {isa = PBXBuildFile; fileRef = 2D0F8F4612EBB19700C9B88B /* MediaController.xib */; };
		2D16DA0213046B7D00D080D5 /* ministrybanner.png in Resources */ = {isa = PBXBuildFile; fileRef = 2D16DA0113046B7D00D080D5 /* ministrybanner.png */; };
		2D16DA0413046C2E00D080D5 /* connectbanner.png in Resources */ = {isa = PBXBuildFile; fileRef = 2D16DA0313046C2E00D080D5 /* connectbanner.png */; };
		2D1B487B12FDFDFB00D11A42 /* TwitterTableViewCellNib.xib in Resources */ = {isa = PBXBuildFile; fileRef = 2D1B487A12FDFDFA00D11A42 /* TwitterTableViewCellNib.xib */; };
		2D22F02A12FDCE8400FD3EAB /* NavFor.png in Resources */ = {isa = PBXBuildFile; fileRef = 2D22F02912FDCE8400FD3EAB /* NavFor.png */; };
		2D3BF11912F1065D005CD1C3 /* App Project Schedule (Tent).pdf in Resources */ = {isa = PBXBuildFile; fileRef = 2D3BF11612F1065D005CD1C3 /* App Project Schedule (Tent).pdf */; };
		2D3BF11A12F1065D005CD1C3 /* SRS.doc in Resources */ = {isa = PBXBuildFile; fileRef = 2D3BF11712F1065D005CD1C3 /* SRS.doc */; };
		2D3BF11B12F1065D005CD1C3 /* Westside App UI Mockups.pdf in Resources */ = {isa = PBXBuildFile; fileRef = 2D3BF11812F1065D005CD1C3 /* Westside App UI Mockups.pdf */; };
		2D66CD5E1305C79500C385FF /* logo_shadow.png in Resources */ = {isa = PBXBuildFile; fileRef = 2D66CD5D1305C79500C385FF /* logo_shadow.png */; };
		2D6DA35A130350E400900D67 /* logo.png in Resources */ = {isa = PBXBuildFile; fileRef = 2D6DA359130350E400900D67 /* logo.png */; };
		2D6DA35C1303524200900D67 /* logo2.png in Resources */ = {isa = PBXBuildFile; fileRef = 2D6DA35B1303524200900D67 /* logo2.png */; };
		2D6DA3601303614100900D67 /* house@2x.png in Resources */ = {isa = PBXBuildFile; fileRef = 2D6DA35F1303614100900D67 /* house@2x.png */; };
		2D6DA3661303618900900D67 /* speechmedia@2x.png in Resources */ = {isa = PBXBuildFile; fileRef = 2D6DA3651303618900900D67 /* speechmedia@2x.png */; };
		2D6DA36C130361A200900D67 /* speechmedia.png in Resources */ = {isa = PBXBuildFile; fileRef = 2D6DA36B130361A200900D67 /* speechmedia.png */; };
		2D6DA36E130361AB00900D67 /* house.png in Resources */ = {isa = PBXBuildFile; fileRef = 2D6DA36D130361AB00900D67 /* house.png */; };
		2D6DA371130363DA00900D67 /* ministry@2x.png in Resources */ = {isa = PBXBuildFile; fileRef = 2D6DA36F130363DA00900D67 /* ministry@2x.png */; };
		2D6DA372130363DA00900D67 /* ministry.png in Resources */ = {isa = PBXBuildFile; fileRef = 2D6DA370130363DA00900D67 /* ministry.png */; };
		2D6DA3851303820200900D67 /* PlainBack.png in Resources */ = {isa = PBXBuildFile; fileRef = 2D6DA383130381FF00900D67 /* PlainBack.png */; };
		2D6DA3861303820200900D67 /* PlainBack@2x.png in Resources */ = {isa = PBXBuildFile; fileRef = 2D6DA3841303820000900D67 /* PlainBack@2x.png */; };
		2D6DA3881303828100900D67 /* StaffTableViewCellNib.xib in Resources */ = {isa = PBXBuildFile; fileRef = 2D6DA3871303828100900D67 /* StaffTableViewCellNib.xib */; };
		2D6DA38C13038E5600900D67 /* AVFoundation.framework in Frameworks */ = {isa = PBXBuildFile; fileRef = 2D6DA38B13038E5400900D67 /* AVFoundation.framework */; };
		2D6F265712FCFA14008C2FDB /* Default.png in Resources */ = {isa = PBXBuildFile; fileRef = 2D6F265612FCFA14008C2FDB /* Default.png */; };
		2D6F265912FCFA1A008C2FDB /* Default@2x.png in Resources */ = {isa = PBXBuildFile; fileRef = 2D6F265812FCFA1A008C2FDB /* Default@2x.png */; };
		2D6F266012FD0459008C2FDB /* pic1.jpg in Resources */ = {isa = PBXBuildFile; fileRef = 2D6F265C12FD0459008C2FDB /* pic1.jpg */; };
		2D6F266112FD0459008C2FDB /* pic2.jpg in Resources */ = {isa = PBXBuildFile; fileRef = 2D6F265D12FD0459008C2FDB /* pic2.jpg */; };
		2D6F266212FD0459008C2FDB /* pic3.jpg in Resources */ = {isa = PBXBuildFile; fileRef = 2D6F265E12FD0459008C2FDB /* pic3.jpg */; };
		2D6F266312FD0459008C2FDB /* pic4.jpg in Resources */ = {isa = PBXBuildFile; fileRef = 2D6F265F12FD0459008C2FDB /* pic4.jpg */; };
		2D7A6BDE12FDC8700002D7EA /* GenericWebNavViewController.m in Sources */ = {isa = PBXBuildFile; fileRef = 2D7A6BDC12FDC8700002D7EA /* GenericWebNavViewController.m */; };
		2D7A6BDF12FDC8700002D7EA /* GenericWebNavViewController.xib in Resources */ = {isa = PBXBuildFile; fileRef = 2D7A6BDD12FDC8700002D7EA /* GenericWebNavViewController.xib */; };
		2D7ADD5812FA12D000B28EF1 /* TwitterViewController.m in Sources */ = {isa = PBXBuildFile; fileRef = 2D7ADD5612FA12D000B28EF1 /* TwitterViewController.m */; };
		2D7ADD5912FA12D000B28EF1 /* TwitterViewController.xib in Resources */ = {isa = PBXBuildFile; fileRef = 2D7ADD5712FA12D000B28EF1 /* TwitterViewController.xib */; };
		2D7ADD5C12FA248C00B28EF1 /* TwitterParser.m in Sources */ = {isa = PBXBuildFile; fileRef = 2D7ADD5B12FA248C00B28EF1 /* TwitterParser.m */; };
		2D7ADD5F12FA24A100B28EF1 /* Tweet.m in Sources */ = {isa = PBXBuildFile; fileRef = 2D7ADD5E12FA24A100B28EF1 /* Tweet.m */; };
		2D7DBC1F12FDCECA00287814 /* NavBack.png in Resources */ = {isa = PBXBuildFile; fileRef = 2D7DBC1E12FDCECA00287814 /* NavBack.png */; };
		2D84555812EA835E00F19F55 /* UIKit.framework in Frameworks */ = {isa = PBXBuildFile; fileRef = 2D84555712EA835E00F19F55 /* UIKit.framework */; };
		2D84555A12EA835E00F19F55 /* Foundation.framework in Frameworks */ = {isa = PBXBuildFile; fileRef = 2D84555912EA835E00F19F55 /* Foundation.framework */; };
		2D84555C12EA835E00F19F55 /* CoreGraphics.framework in Frameworks */ = {isa = PBXBuildFile; fileRef = 2D84555B12EA835E00F19F55 /* CoreGraphics.framework */; };
		2D84556212EA835E00F19F55 /* InfoPlist.strings in Resources */ = {isa = PBXBuildFile; fileRef = 2D84556012EA835E00F19F55 /* InfoPlist.strings */; };
		2D84556512EA835E00F19F55 /* main.m in Sources */ = {isa = PBXBuildFile; fileRef = 2D84556412EA835E00F19F55 /* main.m */; };
		2D84556812EA835E00F19F55 /* WestsideAppDelegate.m in Sources */ = {isa = PBXBuildFile; fileRef = 2D84556712EA835E00F19F55 /* WestsideAppDelegate.m */; };
		2D84556B12EA835E00F19F55 /* MainWindow.xib in Resources */ = {isa = PBXBuildFile; fileRef = 2D84556912EA835E00F19F55 /* MainWindow.xib */; };
		2D84556E12EA835E00F19F55 /* WestsideViewController.m in Sources */ = {isa = PBXBuildFile; fileRef = 2D84556D12EA835E00F19F55 /* WestsideViewController.m */; };
		2D84557112EA835E00F19F55 /* WestsideViewController.xib in Resources */ = {isa = PBXBuildFile; fileRef = 2D84556F12EA835E00F19F55 /* WestsideViewController.xib */; };
		2D84557812EA835E00F19F55 /* UIKit.framework in Frameworks */ = {isa = PBXBuildFile; fileRef = 2D84555712EA835E00F19F55 /* UIKit.framework */; };
		2D84557912EA835E00F19F55 /* Foundation.framework in Frameworks */ = {isa = PBXBuildFile; fileRef = 2D84555912EA835E00F19F55 /* Foundation.framework */; };
		2D84557A12EA835E00F19F55 /* CoreGraphics.framework in Frameworks */ = {isa = PBXBuildFile; fileRef = 2D84555B12EA835E00F19F55 /* CoreGraphics.framework */; };
		2D84558012EA835E00F19F55 /* InfoPlist.strings in Resources */ = {isa = PBXBuildFile; fileRef = 2D84557E12EA835E00F19F55 /* InfoPlist.strings */; };
		2D84558312EA835E00F19F55 /* WestsideTests.h in Resources */ = {isa = PBXBuildFile; fileRef = 2D84558212EA835E00F19F55 /* WestsideTests.h */; };
		2D84558512EA835E00F19F55 /* WestsideTests.m in Sources */ = {isa = PBXBuildFile; fileRef = 2D84558412EA835E00F19F55 /* WestsideTests.m */; };
		2D8923B8130460F200679C01 /* MediaPlayer.framework in Frameworks */ = {isa = PBXBuildFile; fileRef = 2D8923B7130460F200679C01 /* MediaPlayer.framework */; };
		2D8DA26C12EB628100EE323D /* FeedParser.m in Sources */ = {isa = PBXBuildFile; fileRef = 2D8DA26B12EB628100EE323D /* FeedParser.m */; };
		2D8DA27012EB695A00EE323D /* Feed.m in Sources */ = {isa = PBXBuildFile; fileRef = 2D8DA26F12EB695A00EE323D /* Feed.m */; };
		2DD7A23012FF6E7400C5100B /* QuartzCore.framework in Frameworks */ = {isa = PBXBuildFile; fileRef = 2DD7A22F12FF6E7400C5100B /* QuartzCore.framework */; };
		2DE8CBE613044F6000CBFA4F /* group@2x.png in Resources */ = {isa = PBXBuildFile; fileRef = 2DE8CBE013044F6000CBFA4F /* group@2x.png */; };
		2DE8CBE713044F6000CBFA4F /* tv@2x.png in Resources */ = {isa = PBXBuildFile; fileRef = 2DE8CBE113044F6000CBFA4F /* tv@2x.png */; };
		2DE8CBE813044F6000CBFA4F /* tv.png in Resources */ = {isa = PBXBuildFile; fileRef = 2DE8CBE213044F6000CBFA4F /* tv.png */; };
		2DE8CBE913044F6000CBFA4F /* group.png in Resources */ = {isa = PBXBuildFile; fileRef = 2DE8CBE313044F6000CBFA4F /* group.png */; };
		2DE8CBEA13044F6000CBFA4F /* widescreen@2x.png in Resources */ = {isa = PBXBuildFile; fileRef = 2DE8CBE413044F6000CBFA4F /* widescreen@2x.png */; };
		2DE8CBEB13044F6000CBFA4F /* widescreen.png in Resources */ = {isa = PBXBuildFile; fileRef = 2DE8CBE513044F6000CBFA4F /* widescreen.png */; };
		2DE8CBEE13044F7200CBFA4F /* home.png in Resources */ = {isa = PBXBuildFile; fileRef = 2DE8CBEC13044F7200CBFA4F /* home.png */; };
		2DE8CBEF13044F7200CBFA4F /* home@2x.png in Resources */ = {isa = PBXBuildFile; fileRef = 2DE8CBED13044F7200CBFA4F /* home@2x.png */; };
		2DE8CBF31304528A00CBFA4F /* icon_blue72.png in Resources */ = {isa = PBXBuildFile; fileRef = 2DE8CBF01304528A00CBFA4F /* icon_blue72.png */; };
		2DE8CBF41304528A00CBFA4F /* icon_blue114.png in Resources */ = {isa = PBXBuildFile; fileRef = 2DE8CBF11304528A00CBFA4F /* icon_blue114.png */; };
		2DE8CBF51304528A00CBFA4F /* icon_blue57.png in Resources */ = {isa = PBXBuildFile; fileRef = 2DE8CBF21304528A00CBFA4F /* icon_blue57.png */; };
		2DEFCA1013059029008763AC /* Reachability.m in Sources */ = {isa = PBXBuildFile; fileRef = 2DEFCA0F13059029008763AC /* Reachability.m */; };
		2DEFCA1213059166008763AC /* CFNetwork.framework in Frameworks */ = {isa = PBXBuildFile; fileRef = 2DEFCA1113059166008763AC /* CFNetwork.framework */; };
		2DEFCA1413059174008763AC /* MobileCoreServices.framework in Frameworks */ = {isa = PBXBuildFile; fileRef = 2DEFCA1313059174008763AC /* MobileCoreServices.framework */; };
		2DEFCA161305917A008763AC /* SystemConfiguration.framework in Frameworks */ = {isa = PBXBuildFile; fileRef = 2DEFCA151305917A008763AC /* SystemConfiguration.framework */; };
		2DEFCA241305B6A5008763AC /* gary.png in Resources */ = {isa = PBXBuildFile; fileRef = 2DEFCA231305B6A5008763AC /* gary.png */; };
		2DEFCA2C1305C081008763AC /* steve.png in Resources */ = {isa = PBXBuildFile; fileRef = 2DEFCA251305C081008763AC /* steve.png */; };
		2DEFCA2D1305C081008763AC /* sheryl.png in Resources */ = {isa = PBXBuildFile; fileRef = 2DEFCA261305C081008763AC /* sheryl.png */; };
		2DEFCA2E1305C081008763AC /* glen.png in Resources */ = {isa = PBXBuildFile; fileRef = 2DEFCA271305C081008763AC /* glen.png */; };
		2DEFCA2F1305C081008763AC /* tom.png in Resources */ = {isa = PBXBuildFile; fileRef = 2DEFCA281305C081008763AC /* tom.png */; };
		2DEFCA301305C081008763AC /* john.png in Resources */ = {isa = PBXBuildFile; fileRef = 2DEFCA291305C081008763AC /* john.png */; };
		2DEFCA311305C081008763AC /* ron.png in Resources */ = {isa = PBXBuildFile; fileRef = 2DEFCA2A1305C081008763AC /* ron.png */; };
		2DEFCA321305C081008763AC /* chad.png in Resources */ = {isa = PBXBuildFile; fileRef = 2DEFCA2B1305C081008763AC /* chad.png */; };
		2DEFCA361305C08D008763AC /* daniel.png in Resources */ = {isa = PBXBuildFile; fileRef = 2DEFCA331305C08D008763AC /* daniel.png */; };
		2DEFCA371305C08D008763AC /* mike.png in Resources */ = {isa = PBXBuildFile; fileRef = 2DEFCA341305C08D008763AC /* mike.png */; };
		2DEFCA381305C08D008763AC /* phil.png in Resources */ = {isa = PBXBuildFile; fileRef = 2DEFCA351305C08D008763AC /* phil.png */; };
		2DFA2A5A12F76F2C00E3A8F9 /* ConnectViewController.m in Sources */ = {isa = PBXBuildFile; fileRef = 2DFA2A5812F76F2C00E3A8F9 /* ConnectViewController.m */; };
		2DFA2A5B12F76F2C00E3A8F9 /* ConnectViewController.xib in Resources */ = {isa = PBXBuildFile; fileRef = 2DFA2A5912F76F2C00E3A8F9 /* ConnectViewController.xib */; };
		2DFA2A6012F776BA00E3A8F9 /* MoreTabViewController.m in Sources */ = {isa = PBXBuildFile; fileRef = 2DFA2A5E12F776BA00E3A8F9 /* MoreTabViewController.m */; };
		2DFA2A6112F776BA00E3A8F9 /* MoreTabViewController.xib in Resources */ = {isa = PBXBuildFile; fileRef = 2DFA2A5F12F776BA00E3A8F9 /* MoreTabViewController.xib */; };
/* End PBXBuildFile section */

/* Begin PBXFileReference section */
		2D0F8F4412EBB19700C9B88B /* MediaController.h */ = {isa = PBXFileReference; fileEncoding = 4; lastKnownFileType = sourcecode.c.h; path = MediaController.h; sourceTree = "<group>"; };
		2D0F8F4512EBB19700C9B88B /* MediaController.m */ = {isa = PBXFileReference; fileEncoding = 4; lastKnownFileType = sourcecode.c.objc; path = MediaController.m; sourceTree = "<group>"; };
		2D0F8F4612EBB19700C9B88B /* MediaController.xib */ = {isa = PBXFileReference; fileEncoding = 4; lastKnownFileType = file.xib; path = MediaController.xib; sourceTree = "<group>"; };
		2D16DA0113046B7D00D080D5 /* ministrybanner.png */ = {isa = PBXFileReference; lastKnownFileType = image.png; name = ministrybanner.png; path = ../ministrybanner.png; sourceTree = "<group>"; };
		2D16DA0313046C2E00D080D5 /* connectbanner.png */ = {isa = PBXFileReference; lastKnownFileType = image.png; name = connectbanner.png; path = ../connectbanner.png; sourceTree = "<group>"; };
		2D1B487A12FDFDFA00D11A42 /* TwitterTableViewCellNib.xib */ = {isa = PBXFileReference; fileEncoding = 4; lastKnownFileType = file.xib; path = TwitterTableViewCellNib.xib; sourceTree = "<group>"; };
		2D22F02912FDCE8400FD3EAB /* NavFor.png */ = {isa = PBXFileReference; lastKnownFileType = image.png; path = NavFor.png; sourceTree = "<group>"; };
		2D3BF11612F1065D005CD1C3 /* App Project Schedule (Tent).pdf */ = {isa = PBXFileReference; lastKnownFileType = image.pdf; path = "App Project Schedule (Tent).pdf"; sourceTree = "<group>"; };
		2D3BF11712F1065D005CD1C3 /* SRS.doc */ = {isa = PBXFileReference; lastKnownFileType = file; path = SRS.doc; sourceTree = "<group>"; };
		2D3BF11812F1065D005CD1C3 /* Westside App UI Mockups.pdf */ = {isa = PBXFileReference; lastKnownFileType = image.pdf; path = "Westside App UI Mockups.pdf"; sourceTree = "<group>"; };
		2D66CD5D1305C79500C385FF /* logo_shadow.png */ = {isa = PBXFileReference; lastKnownFileType = image.png; path = logo_shadow.png; sourceTree = "<group>"; };
		2D6DA359130350E400900D67 /* logo.png */ = {isa = PBXFileReference; lastKnownFileType = image.png; path = logo.png; sourceTree = "<group>"; };
		2D6DA35B1303524200900D67 /* logo2.png */ = {isa = PBXFileReference; lastKnownFileType = image.png; path = logo2.png; sourceTree = "<group>"; };
		2D6DA35F1303614100900D67 /* house@2x.png */ = {isa = PBXFileReference; lastKnownFileType = image.png; path = "house@2x.png"; sourceTree = "<group>"; };
		2D6DA3651303618900900D67 /* speechmedia@2x.png */ = {isa = PBXFileReference; lastKnownFileType = image.png; path = "speechmedia@2x.png"; sourceTree = "<group>"; };
		2D6DA36B130361A200900D67 /* speechmedia.png */ = {isa = PBXFileReference; lastKnownFileType = image.png; path = speechmedia.png; sourceTree = "<group>"; };
		2D6DA36D130361AB00900D67 /* house.png */ = {isa = PBXFileReference; lastKnownFileType = image.png; path = house.png; sourceTree = "<group>"; };
		2D6DA36F130363DA00900D67 /* ministry@2x.png */ = {isa = PBXFileReference; lastKnownFileType = image.png; path = "ministry@2x.png"; sourceTree = "<group>"; };
		2D6DA370130363DA00900D67 /* ministry.png */ = {isa = PBXFileReference; lastKnownFileType = image.png; path = ministry.png; sourceTree = "<group>"; };
		2D6DA383130381FF00900D67 /* PlainBack.png */ = {isa = PBXFileReference; lastKnownFileType = image.png; path = PlainBack.png; sourceTree = "<group>"; };
		2D6DA3841303820000900D67 /* PlainBack@2x.png */ = {isa = PBXFileReference; lastKnownFileType = image.png; path = "PlainBack@2x.png"; sourceTree = "<group>"; };
		2D6DA3871303828100900D67 /* StaffTableViewCellNib.xib */ = {isa = PBXFileReference; fileEncoding = 4; lastKnownFileType = file.xib; path = StaffTableViewCellNib.xib; sourceTree = "<group>"; };
		2D6DA38B13038E5400900D67 /* AVFoundation.framework */ = {isa = PBXFileReference; lastKnownFileType = wrapper.framework; name = AVFoundation.framework; path = System/Library/Frameworks/AVFoundation.framework; sourceTree = SDKROOT; };
		2D6F265612FCFA14008C2FDB /* Default.png */ = {isa = PBXFileReference; lastKnownFileType = image.png; path = Default.png; sourceTree = "<group>"; };
		2D6F265812FCFA1A008C2FDB /* Default@2x.png */ = {isa = PBXFileReference; lastKnownFileType = image.png; path = "Default@2x.png"; sourceTree = "<group>"; };
		2D6F265C12FD0459008C2FDB /* pic1.jpg */ = {isa = PBXFileReference; lastKnownFileType = image.jpeg; path = pic1.jpg; sourceTree = "<group>"; };
		2D6F265D12FD0459008C2FDB /* pic2.jpg */ = {isa = PBXFileReference; lastKnownFileType = image.jpeg; path = pic2.jpg; sourceTree = "<group>"; };
		2D6F265E12FD0459008C2FDB /* pic3.jpg */ = {isa = PBXFileReference; lastKnownFileType = image.jpeg; path = pic3.jpg; sourceTree = "<group>"; };
		2D6F265F12FD0459008C2FDB /* pic4.jpg */ = {isa = PBXFileReference; lastKnownFileType = image.jpeg; path = pic4.jpg; sourceTree = "<group>"; };
		2D7A6BDB12FDC8700002D7EA /* GenericWebNavViewController.h */ = {isa = PBXFileReference; fileEncoding = 4; lastKnownFileType = sourcecode.c.h; path = GenericWebNavViewController.h; sourceTree = "<group>"; };
		2D7A6BDC12FDC8700002D7EA /* GenericWebNavViewController.m */ = {isa = PBXFileReference; fileEncoding = 4; lastKnownFileType = sourcecode.c.objc; path = GenericWebNavViewController.m; sourceTree = "<group>"; };
		2D7A6BDD12FDC8700002D7EA /* GenericWebNavViewController.xib */ = {isa = PBXFileReference; fileEncoding = 4; lastKnownFileType = file.xib; path = GenericWebNavViewController.xib; sourceTree = "<group>"; };
		2D7ADD5512FA12D000B28EF1 /* TwitterViewController.h */ = {isa = PBXFileReference; fileEncoding = 4; lastKnownFileType = sourcecode.c.h; path = TwitterViewController.h; sourceTree = "<group>"; };
		2D7ADD5612FA12D000B28EF1 /* TwitterViewController.m */ = {isa = PBXFileReference; fileEncoding = 4; lastKnownFileType = sourcecode.c.objc; path = TwitterViewController.m; sourceTree = "<group>"; };
		2D7ADD5712FA12D000B28EF1 /* TwitterViewController.xib */ = {isa = PBXFileReference; fileEncoding = 4; lastKnownFileType = file.xib; path = TwitterViewController.xib; sourceTree = "<group>"; };
		2D7ADD5A12FA248C00B28EF1 /* TwitterParser.h */ = {isa = PBXFileReference; fileEncoding = 4; lastKnownFileType = sourcecode.c.h; path = TwitterParser.h; sourceTree = "<group>"; };
		2D7ADD5B12FA248C00B28EF1 /* TwitterParser.m */ = {isa = PBXFileReference; fileEncoding = 4; lastKnownFileType = sourcecode.c.objc; path = TwitterParser.m; sourceTree = "<group>"; };
		2D7ADD5D12FA24A100B28EF1 /* Tweet.h */ = {isa = PBXFileReference; fileEncoding = 4; lastKnownFileType = sourcecode.c.h; path = Tweet.h; sourceTree = "<group>"; };
		2D7ADD5E12FA24A100B28EF1 /* Tweet.m */ = {isa = PBXFileReference; fileEncoding = 4; lastKnownFileType = sourcecode.c.objc; path = Tweet.m; sourceTree = "<group>"; };
		2D7DBC1E12FDCECA00287814 /* NavBack.png */ = {isa = PBXFileReference; lastKnownFileType = image.png; path = NavBack.png; sourceTree = "<group>"; };
		2D84555312EA835E00F19F55 /* Westside.app */ = {isa = PBXFileReference; explicitFileType = wrapper.application; includeInIndex = 0; path = Westside.app; sourceTree = BUILT_PRODUCTS_DIR; };
		2D84555712EA835E00F19F55 /* UIKit.framework */ = {isa = PBXFileReference; lastKnownFileType = wrapper.framework; name = UIKit.framework; path = System/Library/Frameworks/UIKit.framework; sourceTree = SDKROOT; };
		2D84555912EA835E00F19F55 /* Foundation.framework */ = {isa = PBXFileReference; lastKnownFileType = wrapper.framework; name = Foundation.framework; path = System/Library/Frameworks/Foundation.framework; sourceTree = SDKROOT; };
		2D84555B12EA835E00F19F55 /* CoreGraphics.framework */ = {isa = PBXFileReference; lastKnownFileType = wrapper.framework; name = CoreGraphics.framework; path = System/Library/Frameworks/CoreGraphics.framework; sourceTree = SDKROOT; };
		2D84555F12EA835E00F19F55 /* Westside-Info.plist */ = {isa = PBXFileReference; lastKnownFileType = text.plist.xml; path = "Westside-Info.plist"; sourceTree = "<group>"; };
		2D84556112EA835E00F19F55 /* en */ = {isa = PBXFileReference; lastKnownFileType = text.plist.strings; name = en; path = en.lproj/InfoPlist.strings; sourceTree = "<group>"; };
		2D84556312EA835E00F19F55 /* Westside-Prefix.pch */ = {isa = PBXFileReference; lastKnownFileType = sourcecode.c.h; path = "Westside-Prefix.pch"; sourceTree = "<group>"; };
		2D84556412EA835E00F19F55 /* main.m */ = {isa = PBXFileReference; lastKnownFileType = sourcecode.c.objc; path = main.m; sourceTree = "<group>"; };
		2D84556612EA835E00F19F55 /* WestsideAppDelegate.h */ = {isa = PBXFileReference; lastKnownFileType = sourcecode.c.h; path = WestsideAppDelegate.h; sourceTree = "<group>"; };
		2D84556712EA835E00F19F55 /* WestsideAppDelegate.m */ = {isa = PBXFileReference; lastKnownFileType = sourcecode.c.objc; path = WestsideAppDelegate.m; sourceTree = "<group>"; };
		2D84556A12EA835E00F19F55 /* en */ = {isa = PBXFileReference; lastKnownFileType = file.xib; name = en; path = en.lproj/MainWindow.xib; sourceTree = "<group>"; };
		2D84556C12EA835E00F19F55 /* WestsideViewController.h */ = {isa = PBXFileReference; lastKnownFileType = sourcecode.c.h; path = WestsideViewController.h; sourceTree = "<group>"; };
		2D84556D12EA835E00F19F55 /* WestsideViewController.m */ = {isa = PBXFileReference; lastKnownFileType = sourcecode.c.objc; path = WestsideViewController.m; sourceTree = "<group>"; };
		2D84557012EA835E00F19F55 /* en */ = {isa = PBXFileReference; lastKnownFileType = file.xib; name = en; path = en.lproj/WestsideViewController.xib; sourceTree = "<group>"; };
		2D84557712EA835E00F19F55 /* WestsideTests.octest */ = {isa = PBXFileReference; explicitFileType = wrapper.cfbundle; includeInIndex = 0; path = WestsideTests.octest; sourceTree = BUILT_PRODUCTS_DIR; };
		2D84557D12EA835E00F19F55 /* WestsideTests-Info.plist */ = {isa = PBXFileReference; lastKnownFileType = text.plist.xml; path = "WestsideTests-Info.plist"; sourceTree = "<group>"; };
		2D84557F12EA835E00F19F55 /* en */ = {isa = PBXFileReference; lastKnownFileType = text.plist.strings; name = en; path = en.lproj/InfoPlist.strings; sourceTree = "<group>"; };
		2D84558112EA835E00F19F55 /* WestsideTests-Prefix.pch */ = {isa = PBXFileReference; lastKnownFileType = sourcecode.c.h; path = "WestsideTests-Prefix.pch"; sourceTree = "<group>"; };
		2D84558212EA835E00F19F55 /* WestsideTests.h */ = {isa = PBXFileReference; lastKnownFileType = sourcecode.c.h; path = WestsideTests.h; sourceTree = "<group>"; };
		2D84558412EA835E00F19F55 /* WestsideTests.m */ = {isa = PBXFileReference; lastKnownFileType = sourcecode.c.objc; path = WestsideTests.m; sourceTree = "<group>"; };
		2D8923B7130460F200679C01 /* MediaPlayer.framework */ = {isa = PBXFileReference; lastKnownFileType = wrapper.framework; name = MediaPlayer.framework; path = System/Library/Frameworks/MediaPlayer.framework; sourceTree = SDKROOT; };
		2D8DA26A12EB628100EE323D /* FeedParser.h */ = {isa = PBXFileReference; fileEncoding = 4; lastKnownFileType = sourcecode.c.h; path = FeedParser.h; sourceTree = "<group>"; };
		2D8DA26B12EB628100EE323D /* FeedParser.m */ = {isa = PBXFileReference; fileEncoding = 4; lastKnownFileType = sourcecode.c.objc; path = FeedParser.m; sourceTree = "<group>"; };
		2D8DA26E12EB695A00EE323D /* Feed.h */ = {isa = PBXFileReference; fileEncoding = 4; lastKnownFileType = sourcecode.c.h; path = Feed.h; sourceTree = "<group>"; };
		2D8DA26F12EB695A00EE323D /* Feed.m */ = {isa = PBXFileReference; fileEncoding = 4; lastKnownFileType = sourcecode.c.objc; path = Feed.m; sourceTree = "<group>"; };
		2DD7A22F12FF6E7400C5100B /* QuartzCore.framework */ = {isa = PBXFileReference; lastKnownFileType = wrapper.framework; name = QuartzCore.framework; path = System/Library/Frameworks/QuartzCore.framework; sourceTree = SDKROOT; };
		2DE8CBE013044F6000CBFA4F /* group@2x.png */ = {isa = PBXFileReference; lastKnownFileType = image.png; name = "group@2x.png"; path = "../group@2x.png"; sourceTree = "<group>"; };
		2DE8CBE113044F6000CBFA4F /* tv@2x.png */ = {isa = PBXFileReference; lastKnownFileType = image.png; name = "tv@2x.png"; path = "../tv@2x.png"; sourceTree = "<group>"; };
		2DE8CBE213044F6000CBFA4F /* tv.png */ = {isa = PBXFileReference; lastKnownFileType = image.png; name = tv.png; path = ../tv.png; sourceTree = "<group>"; };
		2DE8CBE313044F6000CBFA4F /* group.png */ = {isa = PBXFileReference; lastKnownFileType = image.png; name = group.png; path = ../group.png; sourceTree = "<group>"; };
		2DE8CBE413044F6000CBFA4F /* widescreen@2x.png */ = {isa = PBXFileReference; lastKnownFileType = image.png; name = "widescreen@2x.png"; path = "../widescreen@2x.png"; sourceTree = "<group>"; };
		2DE8CBE513044F6000CBFA4F /* widescreen.png */ = {isa = PBXFileReference; lastKnownFileType = image.png; name = widescreen.png; path = ../widescreen.png; sourceTree = "<group>"; };
		2DE8CBEC13044F7200CBFA4F /* home.png */ = {isa = PBXFileReference; lastKnownFileType = image.png; name = home.png; path = ../home.png; sourceTree = "<group>"; };
		2DE8CBED13044F7200CBFA4F /* home@2x.png */ = {isa = PBXFileReference; lastKnownFileType = image.png; name = "home@2x.png"; path = "../home@2x.png"; sourceTree = "<group>"; };
		2DE8CBF01304528A00CBFA4F /* icon_blue72.png */ = {isa = PBXFileReference; lastKnownFileType = image.png; path = icon_blue72.png; sourceTree = "<group>"; };
		2DE8CBF11304528A00CBFA4F /* icon_blue114.png */ = {isa = PBXFileReference; lastKnownFileType = image.png; path = icon_blue114.png; sourceTree = "<group>"; };
		2DE8CBF21304528A00CBFA4F /* icon_blue57.png */ = {isa = PBXFileReference; lastKnownFileType = image.png; path = icon_blue57.png; sourceTree = "<group>"; };
		2DEFCA0E13059029008763AC /* Reachability.h */ = {isa = PBXFileReference; fileEncoding = 4; lastKnownFileType = sourcecode.c.h; path = Reachability.h; sourceTree = "<group>"; };
		2DEFCA0F13059029008763AC /* Reachability.m */ = {isa = PBXFileReference; fileEncoding = 4; lastKnownFileType = sourcecode.c.objc; path = Reachability.m; sourceTree = "<group>"; };
		2DEFCA1113059166008763AC /* CFNetwork.framework */ = {isa = PBXFileReference; lastKnownFileType = wrapper.framework; name = CFNetwork.framework; path = System/Library/Frameworks/CFNetwork.framework; sourceTree = SDKROOT; };
		2DEFCA1313059174008763AC /* MobileCoreServices.framework */ = {isa = PBXFileReference; lastKnownFileType = wrapper.framework; name = MobileCoreServices.framework; path = System/Library/Frameworks/MobileCoreServices.framework; sourceTree = SDKROOT; };
		2DEFCA151305917A008763AC /* SystemConfiguration.framework */ = {isa = PBXFileReference; lastKnownFileType = wrapper.framework; name = SystemConfiguration.framework; path = System/Library/Frameworks/SystemConfiguration.framework; sourceTree = SDKROOT; };
		2DEFCA231305B6A5008763AC /* gary.png */ = {isa = PBXFileReference; lastKnownFileType = image.png; path = gary.png; sourceTree = "<group>"; };
		2DEFCA251305C081008763AC /* steve.png */ = {isa = PBXFileReference; lastKnownFileType = image.png; path = steve.png; sourceTree = "<group>"; };
		2DEFCA261305C081008763AC /* sheryl.png */ = {isa = PBXFileReference; lastKnownFileType = image.png; path = sheryl.png; sourceTree = "<group>"; };
		2DEFCA271305C081008763AC /* glen.png */ = {isa = PBXFileReference; lastKnownFileType = image.png; path = glen.png; sourceTree = "<group>"; };
		2DEFCA281305C081008763AC /* tom.png */ = {isa = PBXFileReference; lastKnownFileType = image.png; path = tom.png; sourceTree = "<group>"; };
		2DEFCA291305C081008763AC /* john.png */ = {isa = PBXFileReference; lastKnownFileType = image.png; path = john.png; sourceTree = "<group>"; };
		2DEFCA2A1305C081008763AC /* ron.png */ = {isa = PBXFileReference; lastKnownFileType = image.png; path = ron.png; sourceTree = "<group>"; };
		2DEFCA2B1305C081008763AC /* chad.png */ = {isa = PBXFileReference; lastKnownFileType = image.png; path = chad.png; sourceTree = "<group>"; };
		2DEFCA331305C08D008763AC /* daniel.png */ = {isa = PBXFileReference; lastKnownFileType = image.png; path = daniel.png; sourceTree = "<group>"; };
		2DEFCA341305C08D008763AC /* mike.png */ = {isa = PBXFileReference; lastKnownFileType = image.png; path = mike.png; sourceTree = "<group>"; };
		2DEFCA351305C08D008763AC /* phil.png */ = {isa = PBXFileReference; lastKnownFileType = image.png; path = phil.png; sourceTree = "<group>"; };
		2DFA2A5712F76F2C00E3A8F9 /* ConnectViewController.h */ = {isa = PBXFileReference; fileEncoding = 4; lastKnownFileType = sourcecode.c.h; path = ConnectViewController.h; sourceTree = "<group>"; };
		2DFA2A5812F76F2C00E3A8F9 /* ConnectViewController.m */ = {isa = PBXFileReference; fileEncoding = 4; lastKnownFileType = sourcecode.c.objc; path = ConnectViewController.m; sourceTree = "<group>"; };
		2DFA2A5912F76F2C00E3A8F9 /* ConnectViewController.xib */ = {isa = PBXFileReference; fileEncoding = 4; lastKnownFileType = file.xib; path = ConnectViewController.xib; sourceTree = "<group>"; };
		2DFA2A5D12F776BA00E3A8F9 /* MoreTabViewController.h */ = {isa = PBXFileReference; fileEncoding = 4; lastKnownFileType = sourcecode.c.h; path = MoreTabViewController.h; sourceTree = "<group>"; };
		2DFA2A5E12F776BA00E3A8F9 /* MoreTabViewController.m */ = {isa = PBXFileReference; fileEncoding = 4; lastKnownFileType = sourcecode.c.objc; path = MoreTabViewController.m; sourceTree = "<group>"; };
		2DFA2A5F12F776BA00E3A8F9 /* MoreTabViewController.xib */ = {isa = PBXFileReference; fileEncoding = 4; lastKnownFileType = file.xib; path = MoreTabViewController.xib; sourceTree = "<group>"; };
/* End PBXFileReference section */

/* Begin PBXFrameworksBuildPhase section */
		2D84555012EA835D00F19F55 /* Frameworks */ = {
			isa = PBXFrameworksBuildPhase;
			buildActionMask = 2147483647;
			files = (
				2DEFCA161305917A008763AC /* SystemConfiguration.framework in Frameworks */,
				2DEFCA1413059174008763AC /* MobileCoreServices.framework in Frameworks */,
				2DEFCA1213059166008763AC /* CFNetwork.framework in Frameworks */,
				2D8923B8130460F200679C01 /* MediaPlayer.framework in Frameworks */,
				2D6DA38C13038E5600900D67 /* AVFoundation.framework in Frameworks */,
				2DD7A23012FF6E7400C5100B /* QuartzCore.framework in Frameworks */,
				2D84555812EA835E00F19F55 /* UIKit.framework in Frameworks */,
				2D84555A12EA835E00F19F55 /* Foundation.framework in Frameworks */,
				2D84555C12EA835E00F19F55 /* CoreGraphics.framework in Frameworks */,
			);
			runOnlyForDeploymentPostprocessing = 0;
		};
		2D84557312EA835E00F19F55 /* Frameworks */ = {
			isa = PBXFrameworksBuildPhase;
			buildActionMask = 2147483647;
			files = (
				2D84557812EA835E00F19F55 /* UIKit.framework in Frameworks */,
				2D84557912EA835E00F19F55 /* Foundation.framework in Frameworks */,
				2D84557A12EA835E00F19F55 /* CoreGraphics.framework in Frameworks */,
			);
			runOnlyForDeploymentPostprocessing = 0;
		};
/* End PBXFrameworksBuildPhase section */

/* Begin PBXGroup section */
		2D3BF11512F1065D005CD1C3 /* Documentation */ = {
			isa = PBXGroup;
			children = (
				2D3BF11612F1065D005CD1C3 /* App Project Schedule (Tent).pdf */,
				2D3BF11712F1065D005CD1C3 /* SRS.doc */,
				2D3BF11812F1065D005CD1C3 /* Westside App UI Mockups.pdf */,
			);
			path = Documentation;
			sourceTree = "<group>";
		};
		2D84554812EA835D00F19F55 = {
			isa = PBXGroup;
			children = (
				2DE8CBF11304528A00CBFA4F /* icon_blue114.png */,
				2DE8CBF01304528A00CBFA4F /* icon_blue72.png */,
				2DE8CBF21304528A00CBFA4F /* icon_blue57.png */,
				2D6F265812FCFA1A008C2FDB /* Default@2x.png */,
				2D6F265612FCFA14008C2FDB /* Default.png */,
				2D3BF11512F1065D005CD1C3 /* Documentation */,
				2D84555D12EA835E00F19F55 /* Westside */,
				2D84557B12EA835E00F19F55 /* WestsideTests */,
				2D84555612EA835E00F19F55 /* Frameworks */,
				2D84555412EA835E00F19F55 /* Products */,
			);
			sourceTree = "<group>";
		};
		2D84555412EA835E00F19F55 /* Products */ = {
			isa = PBXGroup;
			children = (
				2D84555312EA835E00F19F55 /* Westside.app */,
				2D84557712EA835E00F19F55 /* WestsideTests.octest */,
			);
			name = Products;
			sourceTree = "<group>";
		};
		2D84555612EA835E00F19F55 /* Frameworks */ = {
			isa = PBXGroup;
			children = (
				2DEFCA151305917A008763AC /* SystemConfiguration.framework */,
				2DEFCA1313059174008763AC /* MobileCoreServices.framework */,
				2DEFCA1113059166008763AC /* CFNetwork.framework */,
				2D8923B7130460F200679C01 /* MediaPlayer.framework */,
				2D6DA38B13038E5400900D67 /* AVFoundation.framework */,
				2DD7A22F12FF6E7400C5100B /* QuartzCore.framework */,
				2D84555712EA835E00F19F55 /* UIKit.framework */,
				2D84555912EA835E00F19F55 /* Foundation.framework */,
				2D84555B12EA835E00F19F55 /* CoreGraphics.framework */,
			);
			name = Frameworks;
			sourceTree = "<group>";
		};
		2D84555D12EA835E00F19F55 /* Westside */ = {
			isa = PBXGroup;
			children = (
				2DD5D38512F7A00F00D67898 /* Resources */,
				2D84556612EA835E00F19F55 /* WestsideAppDelegate.h */,
				2D84556712EA835E00F19F55 /* WestsideAppDelegate.m */,
				2D84556912EA835E00F19F55 /* MainWindow.xib */,
				2D9B98BC12F7679F001FA322 /* Main Tab */,
				2D9B98BD12F767CF001FA322 /* Connect Tab */,
				2D9B98BA12F76794001FA322 /* Media Tab */,
				2DFA2A5C12F7765900E3A8F9 /* More Tab */,
				2D84555E12EA835E00F19F55 /* Supporting Files */,
			);
			path = Westside;
			sourceTree = "<group>";
		};
		2D84555E12EA835E00F19F55 /* Supporting Files */ = {
			isa = PBXGroup;
			children = (
				2D84555F12EA835E00F19F55 /* Westside-Info.plist */,
				2D84556012EA835E00F19F55 /* InfoPlist.strings */,
				2D84556312EA835E00F19F55 /* Westside-Prefix.pch */,
				2D84556412EA835E00F19F55 /* main.m */,
			);
			name = "Supporting Files";
			sourceTree = "<group>";
		};
		2D84557B12EA835E00F19F55 /* WestsideTests */ = {
			isa = PBXGroup;
			children = (
				2D84558212EA835E00F19F55 /* WestsideTests.h */,
				2D84558412EA835E00F19F55 /* WestsideTests.m */,
				2D84557C12EA835E00F19F55 /* Supporting Files */,
			);
			path = WestsideTests;
			sourceTree = "<group>";
		};
		2D84557C12EA835E00F19F55 /* Supporting Files */ = {
			isa = PBXGroup;
			children = (
				2D84557D12EA835E00F19F55 /* WestsideTests-Info.plist */,
				2D84557E12EA835E00F19F55 /* InfoPlist.strings */,
				2D84558112EA835E00F19F55 /* WestsideTests-Prefix.pch */,
			);
			name = "Supporting Files";
			sourceTree = "<group>";
		};
		2D9B98BA12F76794001FA322 /* Media Tab */ = {
			isa = PBXGroup;
			children = (
				2D8DA26A12EB628100EE323D /* FeedParser.h */,
				2D8DA26B12EB628100EE323D /* FeedParser.m */,
				2D8DA26E12EB695A00EE323D /* Feed.h */,
				2D8DA26F12EB695A00EE323D /* Feed.m */,
				2D0F8F4412EBB19700C9B88B /* MediaController.h */,
				2D0F8F4512EBB19700C9B88B /* MediaController.m */,
				2D0F8F4612EBB19700C9B88B /* MediaController.xib */,
			);
			name = "Media Tab";
			sourceTree = "<group>";
		};
		2D9B98BC12F7679F001FA322 /* Main Tab */ = {
			isa = PBXGroup;
			children = (
				2D84556C12EA835E00F19F55 /* WestsideViewController.h */,
				2D84556D12EA835E00F19F55 /* WestsideViewController.m */,
				2D84556F12EA835E00F19F55 /* WestsideViewController.xib */,
			);
			name = "Main Tab";
			sourceTree = "<group>";
		};
		2D9B98BD12F767CF001FA322 /* Connect Tab */ = {
			isa = PBXGroup;
			children = (
				2D6DA3871303828100900D67 /* StaffTableViewCellNib.xib */,
				2DFA2A5712F76F2C00E3A8F9 /* ConnectViewController.h */,
				2DFA2A5812F76F2C00E3A8F9 /* ConnectViewController.m */,
				2DFA2A5912F76F2C00E3A8F9 /* ConnectViewController.xib */,
				2D7ADD5512FA12D000B28EF1 /* TwitterViewController.h */,
				2D7ADD5612FA12D000B28EF1 /* TwitterViewController.m */,
				2D1B487A12FDFDFA00D11A42 /* TwitterTableViewCellNib.xib */,
				2D7ADD5712FA12D000B28EF1 /* TwitterViewController.xib */,
				2D7ADD5A12FA248C00B28EF1 /* TwitterParser.h */,
				2D7ADD5B12FA248C00B28EF1 /* TwitterParser.m */,
				2D7ADD5D12FA24A100B28EF1 /* Tweet.h */,
				2D7ADD5E12FA24A100B28EF1 /* Tweet.m */,
			);
			name = "Connect Tab";
			sourceTree = "<group>";
		};
		2DD5D38512F7A00F00D67898 /* Resources */ = {
			isa = PBXGroup;
			children = (
				2DEFCA391305C0B3008763AC /* Tab Images */,
				2DEFCA1C1305AC57008763AC /* Staff Images */,
				2DEFCA0E13059029008763AC /* Reachability.h */,
				2DEFCA0F13059029008763AC /* Reachability.m */,
				2D66CD5D1305C79500C385FF /* logo_shadow.png */,
				2D16DA0113046B7D00D080D5 /* ministrybanner.png */,
				2D16DA0313046C2E00D080D5 /* connectbanner.png */,
				2D6DA383130381FF00900D67 /* PlainBack.png */,
				2D6DA3841303820000900D67 /* PlainBack@2x.png */,
				2D6DA35B1303524200900D67 /* logo2.png */,
				2D6DA359130350E400900D67 /* logo.png */,
				2D22F02912FDCE8400FD3EAB /* NavFor.png */,
				2D7DBC1E12FDCECA00287814 /* NavBack.png */,
				2D6F265C12FD0459008C2FDB /* pic1.jpg */,
				2D6F265D12FD0459008C2FDB /* pic2.jpg */,
				2D6F265E12FD0459008C2FDB /* pic3.jpg */,
				2D6F265F12FD0459008C2FDB /* pic4.jpg */,
			);
			name = Resources;
			sourceTree = "<group>";
		};
		2DEFCA1C1305AC57008763AC /* Staff Images */ = {
			isa = PBXGroup;
			children = (
				2DEFCA331305C08D008763AC /* daniel.png */,
				2DEFCA341305C08D008763AC /* mike.png */,
				2DEFCA351305C08D008763AC /* phil.png */,
				2DEFCA251305C081008763AC /* steve.png */,
				2DEFCA261305C081008763AC /* sheryl.png */,
				2DEFCA271305C081008763AC /* glen.png */,
				2DEFCA281305C081008763AC /* tom.png */,
				2DEFCA291305C081008763AC /* john.png */,
				2DEFCA2A1305C081008763AC /* ron.png */,
				2DEFCA2B1305C081008763AC /* chad.png */,
				2DEFCA231305B6A5008763AC /* gary.png */,
			);
			name = "Staff Images";
			sourceTree = "<group>";
		};
		2DEFCA391305C0B3008763AC /* Tab Images */ = {
			isa = PBXGroup;
			children = (
				2D6DA36D130361AB00900D67 /* house.png */,
				2D6DA36B130361A200900D67 /* speechmedia.png */,
				2D6DA3651303618900900D67 /* speechmedia@2x.png */,
				2D6DA35F1303614100900D67 /* house@2x.png */,
				2DE8CBE013044F6000CBFA4F /* group@2x.png */,
				2DE8CBE113044F6000CBFA4F /* tv@2x.png */,
				2DE8CBE213044F6000CBFA4F /* tv.png */,
				2DE8CBE313044F6000CBFA4F /* group.png */,
				2DE8CBE413044F6000CBFA4F /* widescreen@2x.png */,
				2DE8CBE513044F6000CBFA4F /* widescreen.png */,
				2DE8CBEC13044F7200CBFA4F /* home.png */,
				2DE8CBED13044F7200CBFA4F /* home@2x.png */,
				2D6DA36F130363DA00900D67 /* ministry@2x.png */,
				2D6DA370130363DA00900D67 /* ministry.png */,
			);
			name = "Tab Images";
			sourceTree = "<group>";
		};
		2DFA2A5C12F7765900E3A8F9 /* More Tab */ = {
			isa = PBXGroup;
			children = (
				2DFA2A5D12F776BA00E3A8F9 /* MoreTabViewController.h */,
				2DFA2A5E12F776BA00E3A8F9 /* MoreTabViewController.m */,
				2DFA2A5F12F776BA00E3A8F9 /* MoreTabViewController.xib */,
				2D7A6BDB12FDC8700002D7EA /* GenericWebNavViewController.h */,
				2D7A6BDC12FDC8700002D7EA /* GenericWebNavViewController.m */,
				2D7A6BDD12FDC8700002D7EA /* GenericWebNavViewController.xib */,
			);
			name = "More Tab";
			sourceTree = "<group>";
		};
/* End PBXGroup section */

/* Begin PBXNativeTarget section */
		2D84555212EA835D00F19F55 /* Westside */ = {
			isa = PBXNativeTarget;
			buildConfigurationList = 2D84558812EA835E00F19F55 /* Build configuration list for PBXNativeTarget "Westside" */;
			buildPhases = (
				2D84554F12EA835D00F19F55 /* Sources */,
				2D84555012EA835D00F19F55 /* Frameworks */,
				2D84555112EA835D00F19F55 /* Resources */,
			);
			buildRules = (
			);
			dependencies = (
			);
			name = Westside;
			productName = Westside;
			productReference = 2D84555312EA835E00F19F55 /* Westside.app */;
			productType = "com.apple.product-type.application";
		};
		2D84557612EA835E00F19F55 /* WestsideTests */ = {
			isa = PBXNativeTarget;
			buildConfigurationList = 2D84558B12EA835E00F19F55 /* Build configuration list for PBXNativeTarget "WestsideTests" */;
			buildPhases = (
				2D84557212EA835E00F19F55 /* Sources */,
				2D84557312EA835E00F19F55 /* Frameworks */,
				2D84557412EA835E00F19F55 /* Resources */,
				2D84557512EA835E00F19F55 /* ShellScript */,
			);
			buildRules = (
			);
			dependencies = (
			);
			name = WestsideTests;
			productName = WestsideTests;
			productReference = 2D84557712EA835E00F19F55 /* WestsideTests.octest */;
			productType = "com.apple.product-type.bundle";
		};
/* End PBXNativeTarget section */

/* Begin PBXProject section */
		2D84554A12EA835D00F19F55 /* Project object */ = {
			isa = PBXProject;
			buildConfigurationList = 2D84554D12EA835D00F19F55 /* Build configuration list for PBXProject "Westside" */;
			compatibilityVersion = "Xcode 3.2";
			developmentRegion = English;
			hasScannedForEncodings = 0;
			knownRegions = (
				en,
			);
			mainGroup = 2D84554812EA835D00F19F55;
			productRefGroup = 2D84555412EA835E00F19F55 /* Products */;
			projectDirPath = "";
			projectRoot = "";
			targets = (
				2D84555212EA835D00F19F55 /* Westside */,
				2D84557612EA835E00F19F55 /* WestsideTests */,
			);
		};
/* End PBXProject section */

/* Begin PBXResourcesBuildPhase section */
		2D84555112EA835D00F19F55 /* Resources */ = {
			isa = PBXResourcesBuildPhase;
			buildActionMask = 2147483647;
			files = (
				2D84556212EA835E00F19F55 /* InfoPlist.strings in Resources */,
				2D84556B12EA835E00F19F55 /* MainWindow.xib in Resources */,
				2D84557112EA835E00F19F55 /* WestsideViewController.xib in Resources */,
				2D0F8F4812EBB19700C9B88B /* MediaController.xib in Resources */,
				2D3BF11912F1065D005CD1C3 /* App Project Schedule (Tent).pdf in Resources */,
				2D3BF11A12F1065D005CD1C3 /* SRS.doc in Resources */,
				2D3BF11B12F1065D005CD1C3 /* Westside App UI Mockups.pdf in Resources */,
				2DFA2A5B12F76F2C00E3A8F9 /* ConnectViewController.xib in Resources */,
				2DFA2A6112F776BA00E3A8F9 /* MoreTabViewController.xib in Resources */,
				2D7ADD5912FA12D000B28EF1 /* TwitterViewController.xib in Resources */,
				2D6F265712FCFA14008C2FDB /* Default.png in Resources */,
				2D6F265912FCFA1A008C2FDB /* Default@2x.png in Resources */,
				2D6F266012FD0459008C2FDB /* pic1.jpg in Resources */,
				2D6F266112FD0459008C2FDB /* pic2.jpg in Resources */,
				2D6F266212FD0459008C2FDB /* pic3.jpg in Resources */,
				2D6F266312FD0459008C2FDB /* pic4.jpg in Resources */,
				2D7A6BDF12FDC8700002D7EA /* GenericWebNavViewController.xib in Resources */,
				2D22F02A12FDCE8400FD3EAB /* NavFor.png in Resources */,
				2D7DBC1F12FDCECA00287814 /* NavBack.png in Resources */,
				2D1B487B12FDFDFB00D11A42 /* TwitterTableViewCellNib.xib in Resources */,
				2D6DA35A130350E400900D67 /* logo.png in Resources */,
				2D6DA35C1303524200900D67 /* logo2.png in Resources */,
				2D6DA3601303614100900D67 /* house@2x.png in Resources */,
				2D6DA3661303618900900D67 /* speechmedia@2x.png in Resources */,
				2D6DA36C130361A200900D67 /* speechmedia.png in Resources */,
				2D6DA36E130361AB00900D67 /* house.png in Resources */,
				2D6DA371130363DA00900D67 /* ministry@2x.png in Resources */,
				2D6DA372130363DA00900D67 /* ministry.png in Resources */,
				2D6DA3851303820200900D67 /* PlainBack.png in Resources */,
				2D6DA3861303820200900D67 /* PlainBack@2x.png in Resources */,
				2D6DA3881303828100900D67 /* StaffTableViewCellNib.xib in Resources */,
				2DE8CBE613044F6000CBFA4F /* group@2x.png in Resources */,
				2DE8CBE713044F6000CBFA4F /* tv@2x.png in Resources */,
				2DE8CBE813044F6000CBFA4F /* tv.png in Resources */,
				2DE8CBE913044F6000CBFA4F /* group.png in Resources */,
				2DE8CBEA13044F6000CBFA4F /* widescreen@2x.png in Resources */,
				2DE8CBEB13044F6000CBFA4F /* widescreen.png in Resources */,
				2DE8CBEE13044F7200CBFA4F /* home.png in Resources */,
				2DE8CBEF13044F7200CBFA4F /* home@2x.png in Resources */,
				2DE8CBF31304528A00CBFA4F /* icon_blue72.png in Resources */,
				2DE8CBF41304528A00CBFA4F /* icon_blue114.png in Resources */,
				2DE8CBF51304528A00CBFA4F /* icon_blue57.png in Resources */,
				2D16DA0213046B7D00D080D5 /* ministrybanner.png in Resources */,
				2D16DA0413046C2E00D080D5 /* connectbanner.png in Resources */,
				2DEFCA241305B6A5008763AC /* gary.png in Resources */,
				2DEFCA2C1305C081008763AC /* steve.png in Resources */,
				2DEFCA2D1305C081008763AC /* sheryl.png in Resources */,
				2DEFCA2E1305C081008763AC /* glen.png in Resources */,
				2DEFCA2F1305C081008763AC /* tom.png in Resources */,
				2DEFCA301305C081008763AC /* john.png in Resources */,
				2DEFCA311305C081008763AC /* ron.png in Resources */,
				2DEFCA321305C081008763AC /* chad.png in Resources */,
				2DEFCA361305C08D008763AC /* daniel.png in Resources */,
				2DEFCA371305C08D008763AC /* mike.png in Resources */,
				2DEFCA381305C08D008763AC /* phil.png in Resources */,
				2D66CD5E1305C79500C385FF /* logo_shadow.png in Resources */,
			);
			runOnlyForDeploymentPostprocessing = 0;
		};
		2D84557412EA835E00F19F55 /* Resources */ = {
			isa = PBXResourcesBuildPhase;
			buildActionMask = 2147483647;
			files = (
				2D84558012EA835E00F19F55 /* InfoPlist.strings in Resources */,
				2D84558312EA835E00F19F55 /* WestsideTests.h in Resources */,
			);
			runOnlyForDeploymentPostprocessing = 0;
		};
/* End PBXResourcesBuildPhase section */

/* Begin PBXShellScriptBuildPhase section */
		2D84557512EA835E00F19F55 /* ShellScript */ = {
			isa = PBXShellScriptBuildPhase;
			buildActionMask = 2147483647;
			files = (
			);
			inputPaths = (
			);
			outputPaths = (
			);
			runOnlyForDeploymentPostprocessing = 0;
			shellPath = /bin/sh;
			shellScript = "# Run the unit tests in this test bundle.\n\"${SYSTEM_DEVELOPER_DIR}/Tools/RunUnitTests\"\n";
		};
/* End PBXShellScriptBuildPhase section */

/* Begin PBXSourcesBuildPhase section */
		2D84554F12EA835D00F19F55 /* Sources */ = {
			isa = PBXSourcesBuildPhase;
			buildActionMask = 2147483647;
			files = (
				2D84556512EA835E00F19F55 /* main.m in Sources */,
				2D84556812EA835E00F19F55 /* WestsideAppDelegate.m in Sources */,
				2D84556E12EA835E00F19F55 /* WestsideViewController.m in Sources */,
				2D8DA26C12EB628100EE323D /* FeedParser.m in Sources */,
				2D8DA27012EB695A00EE323D /* Feed.m in Sources */,
				2D0F8F4712EBB19700C9B88B /* MediaController.m in Sources */,
				2DFA2A5A12F76F2C00E3A8F9 /* ConnectViewController.m in Sources */,
				2DFA2A6012F776BA00E3A8F9 /* MoreTabViewController.m in Sources */,
				2D7ADD5812FA12D000B28EF1 /* TwitterViewController.m in Sources */,
				2D7ADD5C12FA248C00B28EF1 /* TwitterParser.m in Sources */,
				2D7ADD5F12FA24A100B28EF1 /* Tweet.m in Sources */,
				2D7A6BDE12FDC8700002D7EA /* GenericWebNavViewController.m in Sources */,
				2DEFCA1013059029008763AC /* Reachability.m in Sources */,
			);
			runOnlyForDeploymentPostprocessing = 0;
		};
		2D84557212EA835E00F19F55 /* Sources */ = {
			isa = PBXSourcesBuildPhase;
			buildActionMask = 2147483647;
			files = (
				2D84558512EA835E00F19F55 /* WestsideTests.m in Sources */,
			);
			runOnlyForDeploymentPostprocessing = 0;
		};
/* End PBXSourcesBuildPhase section */

/* Begin PBXVariantGroup section */
		2D84556012EA835E00F19F55 /* InfoPlist.strings */ = {
			isa = PBXVariantGroup;
			children = (
				2D84556112EA835E00F19F55 /* en */,
			);
			name = InfoPlist.strings;
			sourceTree = "<group>";
		};
		2D84556912EA835E00F19F55 /* MainWindow.xib */ = {
			isa = PBXVariantGroup;
			children = (
				2D84556A12EA835E00F19F55 /* en */,
			);
			name = MainWindow.xib;
			sourceTree = "<group>";
		};
		2D84556F12EA835E00F19F55 /* WestsideViewController.xib */ = {
			isa = PBXVariantGroup;
			children = (
				2D84557012EA835E00F19F55 /* en */,
			);
			name = WestsideViewController.xib;
			sourceTree = "<group>";
		};
		2D84557E12EA835E00F19F55 /* InfoPlist.strings */ = {
			isa = PBXVariantGroup;
			children = (
				2D84557F12EA835E00F19F55 /* en */,
			);
			name = InfoPlist.strings;
			sourceTree = "<group>";
		};
/* End PBXVariantGroup section */

/* Begin XCBuildConfiguration section */
		2D84558612EA835E00F19F55 /* Debug */ = {
			isa = XCBuildConfiguration;
			buildSettings = {
				ARCHS = "$(ARCHS_STANDARD_32_BIT)";
				"CODE_SIGN_IDENTITY[sdk=iphoneos*]" = "iPhone Developer";
				GCC_C_LANGUAGE_STANDARD = gnu99;
				GCC_OPTIMIZATION_LEVEL = 0;
				GCC_PREPROCESSOR_DEFINITIONS = DEBUG;
				GCC_WARN_ABOUT_RETURN_TYPE = YES;
				GCC_WARN_UNUSED_VARIABLE = YES;
				IPHONEOS_DEPLOYMENT_TARGET = 4.2;
				SDKROOT = iphoneos;
			};
			name = Debug;
		};
		2D84558712EA835E00F19F55 /* Release */ = {
			isa = XCBuildConfiguration;
			buildSettings = {
				ARCHS = "$(ARCHS_STANDARD_32_BIT)";
				"CODE_SIGN_IDENTITY[sdk=iphoneos*]" = "iPhone Developer";
				GCC_C_LANGUAGE_STANDARD = gnu99;
				GCC_WARN_ABOUT_RETURN_TYPE = YES;
				GCC_WARN_UNUSED_VARIABLE = YES;
				IPHONEOS_DEPLOYMENT_TARGET = 4.2;
				OTHER_CFLAGS = "-DNS_BLOCK_ASSERTIONS=1";
				SDKROOT = iphoneos;
			};
			name = Release;
		};
		2D84558912EA835E00F19F55 /* Debug */ = {
			isa = XCBuildConfiguration;
			buildSettings = {
				ALWAYS_SEARCH_USER_PATHS = NO;
				COPY_PHASE_STRIP = NO;
				FRAMEWORK_SEARCH_PATHS = (
					"$(inherited)",
					"\"$(SRCROOT)\"",
				);
				GCC_DYNAMIC_NO_PIC = NO;
				GCC_PRECOMPILE_PREFIX_HEADER = YES;
				GCC_PREFIX_HEADER = "Westside/Westside-Prefix.pch";
				INFOPLIST_FILE = "Westside/Westside-Info.plist";
				PRODUCT_NAME = "$(TARGET_NAME)";
				WRAPPER_EXTENSION = app;
			};
			name = Debug;
		};
		2D84558A12EA835E00F19F55 /* Release */ = {
			isa = XCBuildConfiguration;
			buildSettings = {
				ALWAYS_SEARCH_USER_PATHS = NO;
				COPY_PHASE_STRIP = YES;
				FRAMEWORK_SEARCH_PATHS = (
					"$(inherited)",
					"\"$(SRCROOT)\"",
				);
				GCC_PRECOMPILE_PREFIX_HEADER = YES;
				GCC_PREFIX_HEADER = "Westside/Westside-Prefix.pch";
				INFOPLIST_FILE = "Westside/Westside-Info.plist";
				PRODUCT_NAME = "$(TARGET_NAME)";
				VALIDATE_PRODUCT = YES;
				WRAPPER_EXTENSION = app;
			};
			name = Release;
		};
		2D84558C12EA835E00F19F55 /* Debug */ = {
			isa = XCBuildConfiguration;
			buildSettings = {
				ALWAYS_SEARCH_USER_PATHS = NO;
				BUNDLE_LOADER = "$(BUILT_PRODUCTS_DIR)/Westside.app/Westside";
				FRAMEWORK_SEARCH_PATHS = (
					"$(SDKROOT)/Developer/Library/Frameworks",
					"$(DEVELOPER_LIBRARY_DIR)/Frameworks",
				);
				GCC_PRECOMPILE_PREFIX_HEADER = YES;
				GCC_PREFIX_HEADER = "WestsideTests/WestsideTests-Prefix.pch";
				INFOPLIST_FILE = "WestsideTests/WestsideTests-Info.plist";
				OTHER_LDFLAGS = (
					"-framework",
					SenTestingKit,
				);
				PRODUCT_NAME = "$(TARGET_NAME)";
				TEST_HOST = "$(BUNDLE_LOADER)";
				WRAPPER_EXTENSION = octest;
			};
			name = Debug;
		};
		2D84558D12EA835E00F19F55 /* Release */ = {
			isa = XCBuildConfiguration;
			buildSettings = {
				ALWAYS_SEARCH_USER_PATHS = NO;
				BUNDLE_LOADER = "$(BUILT_PRODUCTS_DIR)/Westside.app/Westside";
				FRAMEWORK_SEARCH_PATHS = (
					"$(SDKROOT)/Developer/Library/Frameworks",
					"$(DEVELOPER_LIBRARY_DIR)/Frameworks",
				);
				GCC_PRECOMPILE_PREFIX_HEADER = YES;
				GCC_PREFIX_HEADER = "WestsideTests/WestsideTests-Prefix.pch";
				INFOPLIST_FILE = "WestsideTests/WestsideTests-Info.plist";
				OTHER_LDFLAGS = (
					"-framework",
					SenTestingKit,
				);
				PRODUCT_NAME = "$(TARGET_NAME)";
				TEST_HOST = "$(BUNDLE_LOADER)";
				WRAPPER_EXTENSION = octest;
			};
			name = Release;
		};
/* End XCBuildConfiguration section */

/* Begin XCConfigurationList section */
		2D84554D12EA835D00F19F55 /* Build configuration list for PBXProject "Westside" */ = {
			isa = XCConfigurationList;
			buildConfigurations = (
				2D84558612EA835E00F19F55 /* Debug */,
				2D84558712EA835E00F19F55 /* Release */,
			);
			defaultConfigurationIsVisible = 0;
			defaultConfigurationName = Release;
		};
		2D84558812EA835E00F19F55 /* Build configuration list for PBXNativeTarget "Westside" */ = {
			isa = XCConfigurationList;
			buildConfigurations = (
				2D84558912EA835E00F19F55 /* Debug */,
				2D84558A12EA835E00F19F55 /* Release */,
			);
			defaultConfigurationIsVisible = 0;
			defaultConfigurationName = Release;
		};
		2D84558B12EA835E00F19F55 /* Build configuration list for PBXNativeTarget "WestsideTests" */ = {
			isa = XCConfigurationList;
			buildConfigurations = (
				2D84558C12EA835E00F19F55 /* Debug */,
				2D84558D12EA835E00F19F55 /* Release */,
			);
			defaultConfigurationIsVisible = 0;
			defaultConfigurationName = Release;
		};
/* End XCConfigurationList section */
	};
	rootObject = 2D84554A12EA835D00F19F55 /* Project object */;
}
